{
  "version": 4,
  "terraform_version": "0.13.3",
  "serial": 70,
  "lineage": "a8f35d55-4d93-98b1-1a7b-0077fa292dd5",
  "outputs": {
    "cluster_endpoint": {
      "value": "https://5AB753A55C308DDD2DFFDBA5F4D692A3.gr7.us-east-1.eks.amazonaws.com",
      "type": "string"
    },
    "cluster_name": {
      "value": "eks-cleric-vWbzySaE",
      "type": "string"
    },
    "cluster_security_group_id": {
      "value": "sg-08b8f474f209e9f00",
      "type": "string"
    },
    "config_map_aws_auth": {
      "value": [
        {
          "binary_data": null,
          "data": {
            "mapAccounts": "[]\n",
            "mapRoles": "- \"groups\":\n  - \"system:bootstrappers\"\n  - \"system:nodes\"\n  \"rolearn\": \"arn:aws:iam::802091938968:role/eks-cleric-vWbzySaE20201001012700151200000001\"\n  \"username\": \"system:node:{{EC2PrivateDNSName}}\"\n",
            "mapUsers": "[]\n"
          },
          "id": null,
          "metadata": [
            {
              "annotations": null,
              "generate_name": null,
              "generation": null,
              "labels": null,
              "name": "aws-auth",
              "namespace": "kube-system",
              "resource_version": null,
              "self_link": null,
              "uid": null
            }
          ]
        }
      ],
      "type": [
        "tuple",
        [
          [
            "object",
            {
              "binary_data": [
                "map",
                "string"
              ],
              "data": [
                "map",
                "string"
              ],
              "id": "string",
              "metadata": [
                "list",
                [
                  "object",
                  {
                    "annotations": [
                      "map",
                      "string"
                    ],
                    "generate_name": "string",
                    "generation": "number",
                    "labels": [
                      "map",
                      "string"
                    ],
                    "name": "string",
                    "namespace": "string",
                    "resource_version": "string",
                    "self_link": "string",
                    "uid": "string"
                  }
                ]
              ]
            }
          ]
        ]
      ]
    },
    "kubectl_config": {
      "value": "apiVersion: v1\r\npreferences: {}\r\nkind: Config\r\n\r\nclusters:\r\n- cluster:\r\n    server: https://5AB753A55C308DDD2DFFDBA5F4D692A3.gr7.us-east-1.eks.amazonaws.com\r\n    certificate-authority-data: LS0tLS1CRUdJTiBDRVJUSUZJQ0FURS0tLS0tCk1JSUN5RENDQWJDZ0F3SUJBZ0lCQURBTkJna3Foa2lHOXcwQkFRc0ZBREFWTVJNd0VRWURWUVFERXdwcmRXSmwKY201bGRHVnpNQjRYRFRJd01UQXdNVEF4TWpNME9Gb1hEVE13TURreU9UQXhNak0wT0Zvd0ZURVRNQkVHQTFVRQpBeE1LYTNWaVpYSnVaWFJsY3pDQ0FTSXdEUVlKS29aSWh2Y05BUUVCQlFBRGdnRVBBRENDQVFvQ2dnRUJBTk5pCkF5SXRuZzdDRjQyeUZvOHZrOUZXYys5NDUyY3pNRjdOM1pDY1hGOGFBWURsOXFrSkxJWGt6d0F4OEFFK2dmN1kKdHl3aHlrT3hURXVVM0pBUWlpZFhQYWN6ekZSRkk4MjNsS0pET2RHMVBuakw3dVRTNFBlU3M4cmxpbHRVdVFOSApMclFoRHZrWHB5UFJidW1QOUE4UjhHYjhyVW10eG5LcFRsMnMyZVl6Q1NVQnZnRHlYbTZBOFV3cHBHcFZtckMrCk5qNWR5WmtHUnM4S1kwcFJxRjV4RGtpYjJUVkxITlZhYi90S2thWm5teXc4Mk55SENTSTVwbTJScDhyanlsWkoKUXlLMkNJRVVEYWltVUh1VW10RU13OWhya2k2WmZjNlpiSkV3NG5mcjMwam9Xd3dWNEtBayt1eTFQNmFYRWordQpOUE5RTTQ2WUxlMmY2ak84cGtVQ0F3RUFBYU1qTUNFd0RnWURWUjBQQVFIL0JBUURBZ0trTUE4R0ExVWRFd0VCCi93UUZNQU1CQWY4d0RRWUpLb1pJaHZjTkFRRUxCUUFEZ2dFQkFFK3BZODVsN1pUK2xtV1o1NS9XdVRVRWx5UjUKaW5uZng4ZlZYbDZwKzRCSzJNeGdlNUxpY1ZUODZTSDJlM3JDTHBMamF0NWZaalJGYVJyWStaSU1FTnk4VlZsSgpFaGRJc1dlWWtTSXN5NWk2VFlGamcyalphSzFTYWJqQTd6UVJUS3NqNDhObVl3NHgwMVNMbS9QU1RTN0xqWVE0CnBOU0FUZzZZM2hwVTQzcjhSUVIxcnM0RW84Um1CaFloSHVJbTBxenFQa0FxMmRoQjhmeDIwVVNUWndsSXdZWGcKbXcxcE5uaDFvRjJFL0xoaE5PekU0TjA4cFFrdXFWNTkxalpLa3dYb3Q3T2c1YlFPRHZZVEdlc1JZYmpZR2tuQwpCcFIrQXY3aGJ1Q2l0Ynl5OUxteFZyMFJuenZybytwaGk3SU5yYlR5M05HTFJYUDRKWkZWVVREeWhQRT0KLS0tLS1FTkQgQ0VSVElGSUNBVEUtLS0tLQo=\r\n  name: eks_eks-cleric-vWbzySaE\r\n\r\ncontexts:\r\n- context:\r\n    cluster: eks_eks-cleric-vWbzySaE\r\n    user: eks_eks-cleric-vWbzySaE\r\n  name: eks_eks-cleric-vWbzySaE\r\n\r\ncurrent-context: eks_eks-cleric-vWbzySaE\r\n\r\nusers:\r\n- name: eks_eks-cleric-vWbzySaE\r\n  user:\r\n    exec:\r\n      apiVersion: client.authentication.k8s.io/v1alpha1\r\n      command: aws-iam-authenticator\r\n      args:\r\n        - \"token\"\r\n        - \"-i\"\r\n        - \"eks-cleric-vWbzySaE\"\r\n",
      "type": "string"
    },
    "region": {
      "value": "us-east-1",
      "type": "string"
    }
  },
  "resources": [
    {
      "mode": "data",
      "type": "aws_availability_zones",
      "name": "available",
      "provider": "provider[\"registry.terraform.io/hashicorp/aws\"]",
      "instances": [
        {
          "schema_version": 0,
          "attributes": {
            "all_availability_zones": null,
            "exclude_names": null,
            "exclude_zone_ids": null,
            "filter": null,
            "group_names": [
              "us-east-1"
            ],
            "id": "2020-10-04 22:44:59.4353762 +0000 UTC",
            "names": [
              "us-east-1a",
              "us-east-1b",
              "us-east-1c",
              "us-east-1d",
              "us-east-1e",
              "us-east-1f"
            ],
            "state": null,
            "zone_ids": [
              "use1-az1",
              "use1-az2",
              "use1-az4",
              "use1-az6",
              "use1-az3",
              "use1-az5"
            ]
          }
        }
      ]
    },
    {
      "mode": "data",
      "type": "aws_eks_cluster",
      "name": "cluster",
      "provider": "provider[\"registry.terraform.io/hashicorp/aws\"]",
      "instances": [
        {
          "schema_version": 0,
          "attributes": {
            "arn": "arn:aws:eks:us-east-1:802091938968:cluster/eks-cleric-vWbzySaE",
            "certificate_authority": [
              {
                "data": "LS0tLS1CRUdJTiBDRVJUSUZJQ0FURS0tLS0tCk1JSUN5RENDQWJDZ0F3SUJBZ0lCQURBTkJna3Foa2lHOXcwQkFRc0ZBREFWTVJNd0VRWURWUVFERXdwcmRXSmwKY201bGRHVnpNQjRYRFRJd01UQXdNVEF4TWpNME9Gb1hEVE13TURreU9UQXhNak0wT0Zvd0ZURVRNQkVHQTFVRQpBeE1LYTNWaVpYSnVaWFJsY3pDQ0FTSXdEUVlKS29aSWh2Y05BUUVCQlFBRGdnRVBBRENDQVFvQ2dnRUJBTk5pCkF5SXRuZzdDRjQyeUZvOHZrOUZXYys5NDUyY3pNRjdOM1pDY1hGOGFBWURsOXFrSkxJWGt6d0F4OEFFK2dmN1kKdHl3aHlrT3hURXVVM0pBUWlpZFhQYWN6ekZSRkk4MjNsS0pET2RHMVBuakw3dVRTNFBlU3M4cmxpbHRVdVFOSApMclFoRHZrWHB5UFJidW1QOUE4UjhHYjhyVW10eG5LcFRsMnMyZVl6Q1NVQnZnRHlYbTZBOFV3cHBHcFZtckMrCk5qNWR5WmtHUnM4S1kwcFJxRjV4RGtpYjJUVkxITlZhYi90S2thWm5teXc4Mk55SENTSTVwbTJScDhyanlsWkoKUXlLMkNJRVVEYWltVUh1VW10RU13OWhya2k2WmZjNlpiSkV3NG5mcjMwam9Xd3dWNEtBayt1eTFQNmFYRWordQpOUE5RTTQ2WUxlMmY2ak84cGtVQ0F3RUFBYU1qTUNFd0RnWURWUjBQQVFIL0JBUURBZ0trTUE4R0ExVWRFd0VCCi93UUZNQU1CQWY4d0RRWUpLb1pJaHZjTkFRRUxCUUFEZ2dFQkFFK3BZODVsN1pUK2xtV1o1NS9XdVRVRWx5UjUKaW5uZng4ZlZYbDZwKzRCSzJNeGdlNUxpY1ZUODZTSDJlM3JDTHBMamF0NWZaalJGYVJyWStaSU1FTnk4VlZsSgpFaGRJc1dlWWtTSXN5NWk2VFlGamcyalphSzFTYWJqQTd6UVJUS3NqNDhObVl3NHgwMVNMbS9QU1RTN0xqWVE0CnBOU0FUZzZZM2hwVTQzcjhSUVIxcnM0RW84Um1CaFloSHVJbTBxenFQa0FxMmRoQjhmeDIwVVNUWndsSXdZWGcKbXcxcE5uaDFvRjJFL0xoaE5PekU0TjA4cFFrdXFWNTkxalpLa3dYb3Q3T2c1YlFPRHZZVEdlc1JZYmpZR2tuQwpCcFIrQXY3aGJ1Q2l0Ynl5OUxteFZyMFJuenZybytwaGk3SU5yYlR5M05HTFJYUDRKWkZWVVREeWhQRT0KLS0tLS1FTkQgQ0VSVElGSUNBVEUtLS0tLQo="
              }
            ],
            "created_at": "2020-10-01 01:14:18.97 +0000 UTC",
            "enabled_cluster_log_types": [],
            "endpoint": "https://5AB753A55C308DDD2DFFDBA5F4D692A3.gr7.us-east-1.eks.amazonaws.com",
            "id": "eks-cleric-vWbzySaE",
            "identity": [
              {
                "oidc": [
                  {
                    "issuer": "https://oidc.eks.us-east-1.amazonaws.com/id/5AB753A55C308DDD2DFFDBA5F4D692A3"
                  }
                ]
              }
            ],
            "name": "eks-cleric-vWbzySaE",
            "platform_version": "eks.3",
            "role_arn": "arn:aws:iam::802091938968:role/eks-cleric-vWbzySaE20200930221636768900000001",
            "status": "ACTIVE",
            "tags": {
              "Environment": "dev",
              "GithubOrg": "terraform-aws-modules",
              "GithubRepo": "terraform-aws-eks"
            },
            "version": "1.16",
            "vpc_config": [
              {
                "cluster_security_group_id": "sg-00029780e3ece7d7c",
                "endpoint_private_access": false,
                "endpoint_public_access": true,
                "public_access_cidrs": [
                  "0.0.0.0/0"
                ],
                "security_group_ids": [
                  "sg-08b8f474f209e9f00"
                ],
                "subnet_ids": [
                  "subnet-08557b39c8715a50e",
                  "subnet-0b34841bcd0f4e9fe",
                  "subnet-0f80eaa8db40a8909"
                ],
                "vpc_id": "vpc-0d16a944fc21b6f9f"
              }
            ]
          }
        }
      ]
    },
    {
      "mode": "data",
      "type": "aws_eks_cluster_auth",
      "name": "cluster",
      "provider": "provider[\"registry.terraform.io/hashicorp/aws\"]",
      "instances": [
        {
          "schema_version": 0,
          "attributes": {
            "id": "2020-10-04 22:45:02.277987 +0000 UTC",
            "name": "eks-cleric-vWbzySaE",
            "token": "k8s-aws-v1.aHR0cHM6Ly9zdHMuYW1hem9uYXdzLmNvbS8_QWN0aW9uPUdldENhbGxlcklkZW50aXR5JlZlcnNpb249MjAxMS0wNi0xNSZYLUFtei1BbGdvcml0aG09QVdTNC1ITUFDLVNIQTI1NiZYLUFtei1DcmVkZW50aWFsPUFLSUEzVlFESFdTTU4zRUxUWE1GJTJGMjAyMDEwMDQlMkZ1cy1lYXN0LTElMkZzdHMlMkZhd3M0X3JlcXVlc3QmWC1BbXotRGF0ZT0yMDIwMTAwNFQyMjQ1MDJaJlgtQW16LUV4cGlyZXM9MCZYLUFtei1TaWduZWRIZWFkZXJzPWhvc3QlM0J4LWs4cy1hd3MtaWQmWC1BbXotU2lnbmF0dXJlPTQxMGZiYmVkNDE3ODM5ZWI4MDYwZjY1ZjkyYTUyMzliMmY5MjFjNDliOTFlM2YyYmU0OTVhM2RiMzUwNWI3Njg"
          }
        }
      ]
    },
    {
      "mode": "managed",
      "type": "aws_security_group",
      "name": "all_worker_mgmt",
      "provider": "provider[\"registry.terraform.io/hashicorp/aws\"]",
      "instances": [
        {
          "schema_version": 1,
          "attributes": {
            "arn": "arn:aws:ec2:us-east-1:802091938968:security-group/sg-056b4dcff079ff90e",
            "description": "Managed by Terraform",
            "egress": [],
            "id": "sg-056b4dcff079ff90e",
            "ingress": [
              {
                "cidr_blocks": [
                  "10.0.0.0/8",
                  "172.16.0.0/12",
                  "192.168.0.0/16"
                ],
                "description": "",
                "from_port": 22,
                "ipv6_cidr_blocks": [],
                "prefix_list_ids": [],
                "protocol": "tcp",
                "security_groups": [],
                "self": false,
                "to_port": 22
              }
            ],
            "name": "all_worker_management20200930221315898600000003",
            "name_prefix": "all_worker_management",
            "owner_id": "802091938968",
            "revoke_rules_on_delete": false,
            "tags": {},
            "timeouts": null,
            "vpc_id": "vpc-0d16a944fc21b6f9f"
          },
          "private": "eyJlMmJmYjczMC1lY2FhLTExZTYtOGY4OC0zNDM2M2JjN2M0YzAiOnsiY3JlYXRlIjo2MDAwMDAwMDAwMDAsImRlbGV0ZSI6NjAwMDAwMDAwMDAwfSwic2NoZW1hX3ZlcnNpb24iOiIxIn0=",
          "dependencies": [
            "module.vpc.aws_vpc.this",
            "random_string.suffix"
          ]
        }
      ]
    },
    {
      "mode": "managed",
      "type": "aws_security_group",
      "name": "worker_group_mgmt_one",
      "provider": "provider[\"registry.terraform.io/hashicorp/aws\"]",
      "instances": [
        {
          "schema_version": 1,
          "attributes": {
            "arn": "arn:aws:ec2:us-east-1:802091938968:security-group/sg-026a97d7566092772",
            "description": "Managed by Terraform",
            "egress": [],
            "id": "sg-026a97d7566092772",
            "ingress": [
              {
                "cidr_blocks": [
                  "10.0.0.0/8"
                ],
                "description": "",
                "from_port": 22,
                "ipv6_cidr_blocks": [],
                "prefix_list_ids": [],
                "protocol": "tcp",
                "security_groups": [],
                "self": false,
                "to_port": 22
              }
            ],
            "name": "worker_group_mgmt_one20200930221315898600000002",
            "name_prefix": "worker_group_mgmt_one",
            "owner_id": "802091938968",
            "revoke_rules_on_delete": false,
            "tags": {},
            "timeouts": null,
            "vpc_id": "vpc-0d16a944fc21b6f9f"
          },
          "private": "eyJlMmJmYjczMC1lY2FhLTExZTYtOGY4OC0zNDM2M2JjN2M0YzAiOnsiY3JlYXRlIjo2MDAwMDAwMDAwMDAsImRlbGV0ZSI6NjAwMDAwMDAwMDAwfSwic2NoZW1hX3ZlcnNpb24iOiIxIn0=",
          "dependencies": [
            "module.vpc.aws_vpc.this",
            "random_string.suffix"
          ],
          "create_before_destroy": true
        }
      ]
    },
    {
      "mode": "managed",
      "type": "aws_security_group",
      "name": "worker_group_mgmt_two",
      "provider": "provider[\"registry.terraform.io/hashicorp/aws\"]",
      "instances": [
        {
          "schema_version": 1,
          "attributes": {
            "arn": "arn:aws:ec2:us-east-1:802091938968:security-group/sg-086a99fc365ee58e4",
            "description": "Managed by Terraform",
            "egress": [],
            "id": "sg-086a99fc365ee58e4",
            "ingress": [
              {
                "cidr_blocks": [
                  "192.168.0.0/16"
                ],
                "description": "",
                "from_port": 22,
                "ipv6_cidr_blocks": [],
                "prefix_list_ids": [],
                "protocol": "tcp",
                "security_groups": [],
                "self": false,
                "to_port": 22
              }
            ],
            "name": "worker_group_mgmt_two20200930221315898600000004",
            "name_prefix": "worker_group_mgmt_two",
            "owner_id": "802091938968",
            "revoke_rules_on_delete": false,
            "tags": {},
            "timeouts": null,
            "vpc_id": "vpc-0d16a944fc21b6f9f"
          },
          "private": "eyJlMmJmYjczMC1lY2FhLTExZTYtOGY4OC0zNDM2M2JjN2M0YzAiOnsiY3JlYXRlIjo2MDAwMDAwMDAwMDAsImRlbGV0ZSI6NjAwMDAwMDAwMDAwfSwic2NoZW1hX3ZlcnNpb24iOiIxIn0=",
          "dependencies": [
            "module.vpc.aws_vpc.this",
            "random_string.suffix"
          ],
          "create_before_destroy": true
        }
      ]
    },
    {
      "mode": "managed",
      "type": "random_string",
      "name": "suffix",
      "provider": "provider[\"registry.terraform.io/hashicorp/random\"]",
      "instances": [
        {
          "schema_version": 1,
          "attributes": {
            "id": "vWbzySaE",
            "keepers": null,
            "length": 8,
            "lower": true,
            "min_lower": 0,
            "min_numeric": 0,
            "min_special": 0,
            "min_upper": 0,
            "number": true,
            "override_special": null,
            "result": "vWbzySaE",
            "special": false,
            "upper": true
          },
          "private": "eyJzY2hlbWFfdmVyc2lvbiI6IjEifQ==",
          "create_before_destroy": true
        }
      ]
    },
    {
      "module": "module.eks",
      "mode": "data",
      "type": "aws_ami",
      "name": "eks_worker",
      "provider": "provider[\"registry.terraform.io/hashicorp/aws\"]",
      "instances": [
        {
          "schema_version": 0,
          "attributes": {
            "architecture": "x86_64",
            "arn": "arn:aws:ec2:us-east-1::image/ami-0ad862770d38cf930",
            "block_device_mappings": [
              {
                "device_name": "/dev/xvda",
                "ebs": {
                  "delete_on_termination": "true",
                  "encrypted": "false",
                  "iops": "0",
                  "snapshot_id": "snap-0e8a273268f2153fc",
                  "volume_size": "20",
                  "volume_type": "gp2"
                },
                "no_device": "",
                "virtual_name": ""
              }
            ],
            "creation_date": "2020-10-02T06:23:55.000Z",
            "description": "EKS Kubernetes Worker AMI with AmazonLinux2 image, (k8s: 1.16.13, docker:19.03.6ce-4.amzn2)",
            "executable_users": null,
            "filter": [
              {
                "name": "name",
                "values": [
                  "amazon-eks-node-1.16-v*"
                ]
              }
            ],
            "hypervisor": "xen",
            "id": "ami-0ad862770d38cf930",
            "image_id": "ami-0ad862770d38cf930",
            "image_location": "amazon/amazon-eks-node-1.16-v20201002",
            "image_owner_alias": "amazon",
            "image_type": "machine",
            "kernel_id": null,
            "most_recent": true,
            "name": "amazon-eks-node-1.16-v20201002",
            "name_regex": null,
            "owner_id": "602401143452",
            "owners": [
              "602401143452"
            ],
            "platform": null,
            "product_codes": [],
            "public": true,
            "ramdisk_id": null,
            "root_device_name": "/dev/xvda",
            "root_device_type": "ebs",
            "root_snapshot_id": "snap-0e8a273268f2153fc",
            "sriov_net_support": "simple",
            "state": "available",
            "state_reason": {
              "code": "UNSET",
              "message": "UNSET"
            },
            "tags": {},
            "virtualization_type": "hvm"
          }
        }
      ]
    },
    {
      "module": "module.eks",
      "mode": "data",
      "type": "aws_ami",
      "name": "eks_worker_windows",
      "provider": "provider[\"registry.terraform.io/hashicorp/aws\"]",
      "instances": [
        {
          "schema_version": 0,
          "attributes": {
            "architecture": "x86_64",
            "arn": "arn:aws:ec2:us-east-1::image/ami-0af44c4642768d581",
            "block_device_mappings": [
              {
                "device_name": "/dev/sda1",
                "ebs": {
                  "delete_on_termination": "true",
                  "encrypted": "false",
                  "iops": "0",
                  "snapshot_id": "snap-0e0303a36922a498f",
                  "volume_size": "50",
                  "volume_type": "gp2"
                },
                "no_device": "",
                "virtual_name": ""
              },
              {
                "device_name": "xvdca",
                "ebs": {},
                "no_device": "",
                "virtual_name": "ephemeral0"
              },
              {
                "device_name": "xvdcb",
                "ebs": {},
                "no_device": "",
                "virtual_name": "ephemeral1"
              },
              {
                "device_name": "xvdcc",
                "ebs": {},
                "no_device": "",
                "virtual_name": "ephemeral2"
              },
              {
                "device_name": "xvdcd",
                "ebs": {},
                "no_device": "",
                "virtual_name": "ephemeral3"
              },
              {
                "device_name": "xvdce",
                "ebs": {},
                "no_device": "",
                "virtual_name": "ephemeral4"
              },
              {
                "device_name": "xvdcf",
                "ebs": {},
                "no_device": "",
                "virtual_name": "ephemeral5"
              },
              {
                "device_name": "xvdcg",
                "ebs": {},
                "no_device": "",
                "virtual_name": "ephemeral6"
              },
              {
                "device_name": "xvdch",
                "ebs": {},
                "no_device": "",
                "virtual_name": "ephemeral7"
              },
              {
                "device_name": "xvdci",
                "ebs": {},
                "no_device": "",
                "virtual_name": "ephemeral8"
              },
              {
                "device_name": "xvdcj",
                "ebs": {},
                "no_device": "",
                "virtual_name": "ephemeral9"
              },
              {
                "device_name": "xvdck",
                "ebs": {},
                "no_device": "",
                "virtual_name": "ephemeral10"
              },
              {
                "device_name": "xvdcl",
                "ebs": {},
                "no_device": "",
                "virtual_name": "ephemeral11"
              },
              {
                "device_name": "xvdcm",
                "ebs": {},
                "no_device": "",
                "virtual_name": "ephemeral12"
              },
              {
                "device_name": "xvdcn",
                "ebs": {},
                "no_device": "",
                "virtual_name": "ephemeral13"
              },
              {
                "device_name": "xvdco",
                "ebs": {},
                "no_device": "",
                "virtual_name": "ephemeral14"
              },
              {
                "device_name": "xvdcp",
                "ebs": {},
                "no_device": "",
                "virtual_name": "ephemeral15"
              },
              {
                "device_name": "xvdcq",
                "ebs": {},
                "no_device": "",
                "virtual_name": "ephemeral16"
              },
              {
                "device_name": "xvdcr",
                "ebs": {},
                "no_device": "",
                "virtual_name": "ephemeral17"
              },
              {
                "device_name": "xvdcs",
                "ebs": {},
                "no_device": "",
                "virtual_name": "ephemeral18"
              },
              {
                "device_name": "xvdct",
                "ebs": {},
                "no_device": "",
                "virtual_name": "ephemeral19"
              },
              {
                "device_name": "xvdcu",
                "ebs": {},
                "no_device": "",
                "virtual_name": "ephemeral20"
              },
              {
                "device_name": "xvdcv",
                "ebs": {},
                "no_device": "",
                "virtual_name": "ephemeral21"
              },
              {
                "device_name": "xvdcw",
                "ebs": {},
                "no_device": "",
                "virtual_name": "ephemeral22"
              },
              {
                "device_name": "xvdcx",
                "ebs": {},
                "no_device": "",
                "virtual_name": "ephemeral23"
              },
              {
                "device_name": "xvdcy",
                "ebs": {},
                "no_device": "",
                "virtual_name": "ephemeral24"
              },
              {
                "device_name": "xvdcz",
                "ebs": {},
                "no_device": "",
                "virtual_name": "ephemeral25"
              }
            ],
            "creation_date": "2020-09-09T06:07:02.000Z",
            "description": "Microsoft Windows Server 2019 Core optimized for EKS and provided by Amazon",
            "executable_users": null,
            "filter": [
              {
                "name": "name",
                "values": [
                  "Windows_Server-2019-English-Core-EKS_Optimized-1.16-*"
                ]
              },
              {
                "name": "platform",
                "values": [
                  "windows"
                ]
              }
            ],
            "hypervisor": "xen",
            "id": "ami-0af44c4642768d581",
            "image_id": "ami-0af44c4642768d581",
            "image_location": "amazon/Windows_Server-2019-English-Core-EKS_Optimized-1.16-2020.09.09",
            "image_owner_alias": "amazon",
            "image_type": "machine",
            "kernel_id": null,
            "most_recent": true,
            "name": "Windows_Server-2019-English-Core-EKS_Optimized-1.16-2020.09.09",
            "name_regex": null,
            "owner_id": "801119661308",
            "owners": [
              "801119661308"
            ],
            "platform": "windows",
            "product_codes": [],
            "public": true,
            "ramdisk_id": null,
            "root_device_name": "/dev/sda1",
            "root_device_type": "ebs",
            "root_snapshot_id": "snap-0e0303a36922a498f",
            "sriov_net_support": "simple",
            "state": "available",
            "state_reason": {
              "code": "UNSET",
              "message": "UNSET"
            },
            "tags": {},
            "virtualization_type": "hvm"
          }
        }
      ]
    },
    {
      "module": "module.eks",
      "mode": "data",
      "type": "aws_caller_identity",
      "name": "current",
      "provider": "provider[\"registry.terraform.io/hashicorp/aws\"]",
      "instances": [
        {
          "schema_version": 0,
          "attributes": {
            "account_id": "802091938968",
            "arn": "arn:aws:iam::802091938968:user/sqielyr",
            "id": "2020-10-04 22:44:59.5754401 +0000 UTC",
            "user_id": "AIDAIZ5YYKPOEYLATL234"
          }
        }
      ]
    },
    {
      "module": "module.eks",
      "mode": "data",
      "type": "aws_iam_instance_profile",
      "name": "custom_worker_group_iam_instance_profile",
      "provider": "provider[\"registry.terraform.io/hashicorp/aws\"]",
      "instances": []
    },
    {
      "module": "module.eks",
      "mode": "data",
      "type": "aws_iam_instance_profile",
      "name": "custom_worker_group_launch_template_iam_instance_profile",
      "provider": "provider[\"registry.terraform.io/hashicorp/aws\"]",
      "instances": []
    },
    {
      "module": "module.eks",
      "mode": "data",
      "type": "aws_iam_policy_document",
      "name": "cluster_assume_role_policy",
      "provider": "provider[\"registry.terraform.io/hashicorp/aws\"]",
      "instances": [
        {
          "schema_version": 0,
          "attributes": {
            "id": "2764486067",
            "json": "{\n  \"Version\": \"2012-10-17\",\n  \"Statement\": [\n    {\n      \"Sid\": \"EKSClusterAssumeRole\",\n      \"Effect\": \"Allow\",\n      \"Action\": \"sts:AssumeRole\",\n      \"Principal\": {\n        \"Service\": \"eks.amazonaws.com\"\n      }\n    }\n  ]\n}",
            "override_json": null,
            "policy_id": null,
            "source_json": null,
            "statement": [
              {
                "actions": [
                  "sts:AssumeRole"
                ],
                "condition": [],
                "effect": "Allow",
                "not_actions": [],
                "not_principals": [],
                "not_resources": [],
                "principals": [
                  {
                    "identifiers": [
                      "eks.amazonaws.com"
                    ],
                    "type": "Service"
                  }
                ],
                "resources": [],
                "sid": "EKSClusterAssumeRole"
              }
            ],
            "version": "2012-10-17"
          }
        }
      ]
    },
    {
      "module": "module.eks",
      "mode": "data",
      "type": "aws_iam_policy_document",
      "name": "cluster_elb_sl_role_creation",
      "provider": "provider[\"registry.terraform.io/hashicorp/aws\"]",
      "instances": [
        {
          "index_key": 0,
          "schema_version": 0,
          "attributes": {
            "id": "3407219844",
            "json": "{\n  \"Version\": \"2012-10-17\",\n  \"Statement\": [\n    {\n      \"Sid\": \"\",\n      \"Effect\": \"Allow\",\n      \"Action\": [\n        \"ec2:DescribeInternetGateways\",\n        \"ec2:DescribeAccountAttributes\"\n      ],\n      \"Resource\": \"*\"\n    }\n  ]\n}",
            "override_json": null,
            "policy_id": null,
            "source_json": null,
            "statement": [
              {
                "actions": [
                  "ec2:DescribeAccountAttributes",
                  "ec2:DescribeInternetGateways"
                ],
                "condition": [],
                "effect": "Allow",
                "not_actions": [],
                "not_principals": [],
                "not_resources": [],
                "principals": [],
                "resources": [
                  "*"
                ],
                "sid": ""
              }
            ],
            "version": "2012-10-17"
          }
        }
      ]
    },
    {
      "module": "module.eks",
      "mode": "data",
      "type": "aws_iam_policy_document",
      "name": "workers_assume_role_policy",
      "provider": "provider[\"registry.terraform.io/hashicorp/aws\"]",
      "instances": [
        {
          "schema_version": 0,
          "attributes": {
            "id": "3778018924",
            "json": "{\n  \"Version\": \"2012-10-17\",\n  \"Statement\": [\n    {\n      \"Sid\": \"EKSWorkerAssumeRole\",\n      \"Effect\": \"Allow\",\n      \"Action\": \"sts:AssumeRole\",\n      \"Principal\": {\n        \"Service\": \"ec2.amazonaws.com\"\n      }\n    }\n  ]\n}",
            "override_json": null,
            "policy_id": null,
            "source_json": null,
            "statement": [
              {
                "actions": [
                  "sts:AssumeRole"
                ],
                "condition": [],
                "effect": "Allow",
                "not_actions": [],
                "not_principals": [],
                "not_resources": [],
                "principals": [
                  {
                    "identifiers": [
                      "ec2.amazonaws.com"
                    ],
                    "type": "Service"
                  }
                ],
                "resources": [],
                "sid": "EKSWorkerAssumeRole"
              }
            ],
            "version": "2012-10-17"
          }
        }
      ]
    },
    {
      "module": "module.eks",
      "mode": "data",
      "type": "aws_iam_role",
      "name": "custom_cluster_iam_role",
      "provider": "provider[\"registry.terraform.io/hashicorp/aws\"]",
      "instances": []
    },
    {
      "module": "module.eks",
      "mode": "data",
      "type": "aws_partition",
      "name": "current",
      "provider": "provider[\"registry.terraform.io/hashicorp/aws\"]",
      "instances": [
        {
          "schema_version": 0,
          "attributes": {
            "dns_suffix": "amazonaws.com",
            "id": "2020-10-04 22:44:59.429876 +0000 UTC",
            "partition": "aws"
          }
        }
      ]
    },
    {
      "module": "module.eks",
      "mode": "data",
      "type": "template_file",
      "name": "userdata",
      "provider": "provider[\"registry.terraform.io/hashicorp/template\"]",
      "instances": [
        {
          "index_key": 0,
          "schema_version": 0,
          "attributes": {
            "filename": null,
            "id": "fbec49faa3dda430349d6fa2e5d554d305327d135576cba9f73ab769406ad702",
            "rendered": "#!/bin/bash -xe\r\n\r\n# Allow user supplied pre userdata code\r\n\r\n\r\n# Bootstrap and join the cluster\r\n/etc/eks/bootstrap.sh --b64-cluster-ca 'LS0tLS1CRUdJTiBDRVJUSUZJQ0FURS0tLS0tCk1JSUN5RENDQWJDZ0F3SUJBZ0lCQURBTkJna3Foa2lHOXcwQkFRc0ZBREFWTVJNd0VRWURWUVFERXdwcmRXSmwKY201bGRHVnpNQjRYRFRJd01UQXdNVEF4TWpNME9Gb1hEVE13TURreU9UQXhNak0wT0Zvd0ZURVRNQkVHQTFVRQpBeE1LYTNWaVpYSnVaWFJsY3pDQ0FTSXdEUVlKS29aSWh2Y05BUUVCQlFBRGdnRVBBRENDQVFvQ2dnRUJBTk5pCkF5SXRuZzdDRjQyeUZvOHZrOUZXYys5NDUyY3pNRjdOM1pDY1hGOGFBWURsOXFrSkxJWGt6d0F4OEFFK2dmN1kKdHl3aHlrT3hURXVVM0pBUWlpZFhQYWN6ekZSRkk4MjNsS0pET2RHMVBuakw3dVRTNFBlU3M4cmxpbHRVdVFOSApMclFoRHZrWHB5UFJidW1QOUE4UjhHYjhyVW10eG5LcFRsMnMyZVl6Q1NVQnZnRHlYbTZBOFV3cHBHcFZtckMrCk5qNWR5WmtHUnM4S1kwcFJxRjV4RGtpYjJUVkxITlZhYi90S2thWm5teXc4Mk55SENTSTVwbTJScDhyanlsWkoKUXlLMkNJRVVEYWltVUh1VW10RU13OWhya2k2WmZjNlpiSkV3NG5mcjMwam9Xd3dWNEtBayt1eTFQNmFYRWordQpOUE5RTTQ2WUxlMmY2ak84cGtVQ0F3RUFBYU1qTUNFd0RnWURWUjBQQVFIL0JBUURBZ0trTUE4R0ExVWRFd0VCCi93UUZNQU1CQWY4d0RRWUpLb1pJaHZjTkFRRUxCUUFEZ2dFQkFFK3BZODVsN1pUK2xtV1o1NS9XdVRVRWx5UjUKaW5uZng4ZlZYbDZwKzRCSzJNeGdlNUxpY1ZUODZTSDJlM3JDTHBMamF0NWZaalJGYVJyWStaSU1FTnk4VlZsSgpFaGRJc1dlWWtTSXN5NWk2VFlGamcyalphSzFTYWJqQTd6UVJUS3NqNDhObVl3NHgwMVNMbS9QU1RTN0xqWVE0CnBOU0FUZzZZM2hwVTQzcjhSUVIxcnM0RW84Um1CaFloSHVJbTBxenFQa0FxMmRoQjhmeDIwVVNUWndsSXdZWGcKbXcxcE5uaDFvRjJFL0xoaE5PekU0TjA4cFFrdXFWNTkxalpLa3dYb3Q3T2c1YlFPRHZZVEdlc1JZYmpZR2tuQwpCcFIrQXY3aGJ1Q2l0Ynl5OUxteFZyMFJuenZybytwaGk3SU5yYlR5M05HTFJYUDRKWkZWVVREeWhQRT0KLS0tLS1FTkQgQ0VSVElGSUNBVEUtLS0tLQo=' --apiserver-endpoint 'https://5AB753A55C308DDD2DFFDBA5F4D692A3.gr7.us-east-1.eks.amazonaws.com'  --kubelet-extra-args \"\" 'eks-cleric-vWbzySaE'\r\n\r\n# Allow user supplied userdata code\r\necho foo bar\r\n",
            "template": "#!/bin/bash -xe\r\n\r\n# Allow user supplied pre userdata code\r\n${pre_userdata}\r\n\r\n# Bootstrap and join the cluster\r\n/etc/eks/bootstrap.sh --b64-cluster-ca '${cluster_auth_base64}' --apiserver-endpoint '${endpoint}' ${bootstrap_extra_args} --kubelet-extra-args \"${kubelet_extra_args}\" '${cluster_name}'\r\n\r\n# Allow user supplied userdata code\r\n${additional_userdata}\r\n",
            "vars": {
              "additional_userdata": "echo foo bar",
              "bootstrap_extra_args": "",
              "cluster_auth_base64": "LS0tLS1CRUdJTiBDRVJUSUZJQ0FURS0tLS0tCk1JSUN5RENDQWJDZ0F3SUJBZ0lCQURBTkJna3Foa2lHOXcwQkFRc0ZBREFWTVJNd0VRWURWUVFERXdwcmRXSmwKY201bGRHVnpNQjRYRFRJd01UQXdNVEF4TWpNME9Gb1hEVE13TURreU9UQXhNak0wT0Zvd0ZURVRNQkVHQTFVRQpBeE1LYTNWaVpYSnVaWFJsY3pDQ0FTSXdEUVlKS29aSWh2Y05BUUVCQlFBRGdnRVBBRENDQVFvQ2dnRUJBTk5pCkF5SXRuZzdDRjQyeUZvOHZrOUZXYys5NDUyY3pNRjdOM1pDY1hGOGFBWURsOXFrSkxJWGt6d0F4OEFFK2dmN1kKdHl3aHlrT3hURXVVM0pBUWlpZFhQYWN6ekZSRkk4MjNsS0pET2RHMVBuakw3dVRTNFBlU3M4cmxpbHRVdVFOSApMclFoRHZrWHB5UFJidW1QOUE4UjhHYjhyVW10eG5LcFRsMnMyZVl6Q1NVQnZnRHlYbTZBOFV3cHBHcFZtckMrCk5qNWR5WmtHUnM4S1kwcFJxRjV4RGtpYjJUVkxITlZhYi90S2thWm5teXc4Mk55SENTSTVwbTJScDhyanlsWkoKUXlLMkNJRVVEYWltVUh1VW10RU13OWhya2k2WmZjNlpiSkV3NG5mcjMwam9Xd3dWNEtBayt1eTFQNmFYRWordQpOUE5RTTQ2WUxlMmY2ak84cGtVQ0F3RUFBYU1qTUNFd0RnWURWUjBQQVFIL0JBUURBZ0trTUE4R0ExVWRFd0VCCi93UUZNQU1CQWY4d0RRWUpLb1pJaHZjTkFRRUxCUUFEZ2dFQkFFK3BZODVsN1pUK2xtV1o1NS9XdVRVRWx5UjUKaW5uZng4ZlZYbDZwKzRCSzJNeGdlNUxpY1ZUODZTSDJlM3JDTHBMamF0NWZaalJGYVJyWStaSU1FTnk4VlZsSgpFaGRJc1dlWWtTSXN5NWk2VFlGamcyalphSzFTYWJqQTd6UVJUS3NqNDhObVl3NHgwMVNMbS9QU1RTN0xqWVE0CnBOU0FUZzZZM2hwVTQzcjhSUVIxcnM0RW84Um1CaFloSHVJbTBxenFQa0FxMmRoQjhmeDIwVVNUWndsSXdZWGcKbXcxcE5uaDFvRjJFL0xoaE5PekU0TjA4cFFrdXFWNTkxalpLa3dYb3Q3T2c1YlFPRHZZVEdlc1JZYmpZR2tuQwpCcFIrQXY3aGJ1Q2l0Ynl5OUxteFZyMFJuenZybytwaGk3SU5yYlR5M05HTFJYUDRKWkZWVVREeWhQRT0KLS0tLS1FTkQgQ0VSVElGSUNBVEUtLS0tLQo=",
              "cluster_name": "eks-cleric-vWbzySaE",
              "endpoint": "https://5AB753A55C308DDD2DFFDBA5F4D692A3.gr7.us-east-1.eks.amazonaws.com",
              "kubelet_extra_args": "",
              "platform": "linux",
              "pre_userdata": ""
            }
          }
        },
        {
          "index_key": 1,
          "schema_version": 0,
          "attributes": {
            "filename": null,
            "id": "fbec49faa3dda430349d6fa2e5d554d305327d135576cba9f73ab769406ad702",
            "rendered": "#!/bin/bash -xe\r\n\r\n# Allow user supplied pre userdata code\r\n\r\n\r\n# Bootstrap and join the cluster\r\n/etc/eks/bootstrap.sh --b64-cluster-ca 'LS0tLS1CRUdJTiBDRVJUSUZJQ0FURS0tLS0tCk1JSUN5RENDQWJDZ0F3SUJBZ0lCQURBTkJna3Foa2lHOXcwQkFRc0ZBREFWTVJNd0VRWURWUVFERXdwcmRXSmwKY201bGRHVnpNQjRYRFRJd01UQXdNVEF4TWpNME9Gb1hEVE13TURreU9UQXhNak0wT0Zvd0ZURVRNQkVHQTFVRQpBeE1LYTNWaVpYSnVaWFJsY3pDQ0FTSXdEUVlKS29aSWh2Y05BUUVCQlFBRGdnRVBBRENDQVFvQ2dnRUJBTk5pCkF5SXRuZzdDRjQyeUZvOHZrOUZXYys5NDUyY3pNRjdOM1pDY1hGOGFBWURsOXFrSkxJWGt6d0F4OEFFK2dmN1kKdHl3aHlrT3hURXVVM0pBUWlpZFhQYWN6ekZSRkk4MjNsS0pET2RHMVBuakw3dVRTNFBlU3M4cmxpbHRVdVFOSApMclFoRHZrWHB5UFJidW1QOUE4UjhHYjhyVW10eG5LcFRsMnMyZVl6Q1NVQnZnRHlYbTZBOFV3cHBHcFZtckMrCk5qNWR5WmtHUnM4S1kwcFJxRjV4RGtpYjJUVkxITlZhYi90S2thWm5teXc4Mk55SENTSTVwbTJScDhyanlsWkoKUXlLMkNJRVVEYWltVUh1VW10RU13OWhya2k2WmZjNlpiSkV3NG5mcjMwam9Xd3dWNEtBayt1eTFQNmFYRWordQpOUE5RTTQ2WUxlMmY2ak84cGtVQ0F3RUFBYU1qTUNFd0RnWURWUjBQQVFIL0JBUURBZ0trTUE4R0ExVWRFd0VCCi93UUZNQU1CQWY4d0RRWUpLb1pJaHZjTkFRRUxCUUFEZ2dFQkFFK3BZODVsN1pUK2xtV1o1NS9XdVRVRWx5UjUKaW5uZng4ZlZYbDZwKzRCSzJNeGdlNUxpY1ZUODZTSDJlM3JDTHBMamF0NWZaalJGYVJyWStaSU1FTnk4VlZsSgpFaGRJc1dlWWtTSXN5NWk2VFlGamcyalphSzFTYWJqQTd6UVJUS3NqNDhObVl3NHgwMVNMbS9QU1RTN0xqWVE0CnBOU0FUZzZZM2hwVTQzcjhSUVIxcnM0RW84Um1CaFloSHVJbTBxenFQa0FxMmRoQjhmeDIwVVNUWndsSXdZWGcKbXcxcE5uaDFvRjJFL0xoaE5PekU0TjA4cFFrdXFWNTkxalpLa3dYb3Q3T2c1YlFPRHZZVEdlc1JZYmpZR2tuQwpCcFIrQXY3aGJ1Q2l0Ynl5OUxteFZyMFJuenZybytwaGk3SU5yYlR5M05HTFJYUDRKWkZWVVREeWhQRT0KLS0tLS1FTkQgQ0VSVElGSUNBVEUtLS0tLQo=' --apiserver-endpoint 'https://5AB753A55C308DDD2DFFDBA5F4D692A3.gr7.us-east-1.eks.amazonaws.com'  --kubelet-extra-args \"\" 'eks-cleric-vWbzySaE'\r\n\r\n# Allow user supplied userdata code\r\necho foo bar\r\n",
            "template": "#!/bin/bash -xe\r\n\r\n# Allow user supplied pre userdata code\r\n${pre_userdata}\r\n\r\n# Bootstrap and join the cluster\r\n/etc/eks/bootstrap.sh --b64-cluster-ca '${cluster_auth_base64}' --apiserver-endpoint '${endpoint}' ${bootstrap_extra_args} --kubelet-extra-args \"${kubelet_extra_args}\" '${cluster_name}'\r\n\r\n# Allow user supplied userdata code\r\n${additional_userdata}\r\n",
            "vars": {
              "additional_userdata": "echo foo bar",
              "bootstrap_extra_args": "",
              "cluster_auth_base64": "LS0tLS1CRUdJTiBDRVJUSUZJQ0FURS0tLS0tCk1JSUN5RENDQWJDZ0F3SUJBZ0lCQURBTkJna3Foa2lHOXcwQkFRc0ZBREFWTVJNd0VRWURWUVFERXdwcmRXSmwKY201bGRHVnpNQjRYRFRJd01UQXdNVEF4TWpNME9Gb1hEVE13TURreU9UQXhNak0wT0Zvd0ZURVRNQkVHQTFVRQpBeE1LYTNWaVpYSnVaWFJsY3pDQ0FTSXdEUVlKS29aSWh2Y05BUUVCQlFBRGdnRVBBRENDQVFvQ2dnRUJBTk5pCkF5SXRuZzdDRjQyeUZvOHZrOUZXYys5NDUyY3pNRjdOM1pDY1hGOGFBWURsOXFrSkxJWGt6d0F4OEFFK2dmN1kKdHl3aHlrT3hURXVVM0pBUWlpZFhQYWN6ekZSRkk4MjNsS0pET2RHMVBuakw3dVRTNFBlU3M4cmxpbHRVdVFOSApMclFoRHZrWHB5UFJidW1QOUE4UjhHYjhyVW10eG5LcFRsMnMyZVl6Q1NVQnZnRHlYbTZBOFV3cHBHcFZtckMrCk5qNWR5WmtHUnM4S1kwcFJxRjV4RGtpYjJUVkxITlZhYi90S2thWm5teXc4Mk55SENTSTVwbTJScDhyanlsWkoKUXlLMkNJRVVEYWltVUh1VW10RU13OWhya2k2WmZjNlpiSkV3NG5mcjMwam9Xd3dWNEtBayt1eTFQNmFYRWordQpOUE5RTTQ2WUxlMmY2ak84cGtVQ0F3RUFBYU1qTUNFd0RnWURWUjBQQVFIL0JBUURBZ0trTUE4R0ExVWRFd0VCCi93UUZNQU1CQWY4d0RRWUpLb1pJaHZjTkFRRUxCUUFEZ2dFQkFFK3BZODVsN1pUK2xtV1o1NS9XdVRVRWx5UjUKaW5uZng4ZlZYbDZwKzRCSzJNeGdlNUxpY1ZUODZTSDJlM3JDTHBMamF0NWZaalJGYVJyWStaSU1FTnk4VlZsSgpFaGRJc1dlWWtTSXN5NWk2VFlGamcyalphSzFTYWJqQTd6UVJUS3NqNDhObVl3NHgwMVNMbS9QU1RTN0xqWVE0CnBOU0FUZzZZM2hwVTQzcjhSUVIxcnM0RW84Um1CaFloSHVJbTBxenFQa0FxMmRoQjhmeDIwVVNUWndsSXdZWGcKbXcxcE5uaDFvRjJFL0xoaE5PekU0TjA4cFFrdXFWNTkxalpLa3dYb3Q3T2c1YlFPRHZZVEdlc1JZYmpZR2tuQwpCcFIrQXY3aGJ1Q2l0Ynl5OUxteFZyMFJuenZybytwaGk3SU5yYlR5M05HTFJYUDRKWkZWVVREeWhQRT0KLS0tLS1FTkQgQ0VSVElGSUNBVEUtLS0tLQo=",
              "cluster_name": "eks-cleric-vWbzySaE",
              "endpoint": "https://5AB753A55C308DDD2DFFDBA5F4D692A3.gr7.us-east-1.eks.amazonaws.com",
              "kubelet_extra_args": "",
              "platform": "linux",
              "pre_userdata": ""
            }
          }
        }
      ]
    },
    {
      "module": "module.eks",
      "mode": "managed",
      "type": "aws_autoscaling_group",
      "name": "workers",
      "provider": "provider[\"registry.terraform.io/hashicorp/aws\"]",
      "instances": [
        {
          "index_key": 0,
          "schema_version": 0,
          "attributes": {
            "arn": "arn:aws:autoscaling:us-east-1:802091938968:autoScalingGroup:fceb3511-f956-488b-8fd0-05fc83611495:autoScalingGroupName/eks-cleric-vWbzySaE-worker-group-12020100101271071420000000a",
            "availability_zones": [
              "us-east-1a",
              "us-east-1b",
              "us-east-1c"
            ],
            "default_cooldown": 300,
            "desired_capacity": 1,
            "enabled_metrics": [],
            "force_delete": false,
            "health_check_grace_period": 300,
            "health_check_type": "EC2",
            "id": "eks-cleric-vWbzySaE-worker-group-12020100101271071420000000a",
            "initial_lifecycle_hook": [],
            "launch_configuration": "eks-cleric-vWbzySaE-worker-group-120201004224522233900000001",
            "launch_template": [],
            "load_balancers": [],
            "max_instance_lifetime": 0,
            "max_size": 3,
            "metrics_granularity": "1Minute",
            "min_elb_capacity": null,
            "min_size": 1,
            "mixed_instances_policy": [],
            "name": "eks-cleric-vWbzySaE-worker-group-12020100101271071420000000a",
            "name_prefix": "eks-cleric-vWbzySaE-worker-group-1",
            "placement_group": "",
            "protect_from_scale_in": false,
            "service_linked_role_arn": "arn:aws:iam::802091938968:role/aws-service-role/autoscaling.amazonaws.com/AWSServiceRoleForAutoScaling",
            "suspended_processes": [
              "AZRebalance"
            ],
            "tag": [],
            "tags": [
              {
                "key": "Environment",
                "propagate_at_launch": "true",
                "value": "dev"
              },
              {
                "key": "GithubOrg",
                "propagate_at_launch": "true",
                "value": "terraform-aws-modules"
              },
              {
                "key": "GithubRepo",
                "propagate_at_launch": "true",
                "value": "terraform-aws-eks"
              },
              {
                "key": "Name",
                "propagate_at_launch": "true",
                "value": "eks-cleric-vWbzySaE-worker-group-1-eks_asg"
              },
              {
                "key": "k8s.io/cluster/eks-cleric-vWbzySaE",
                "propagate_at_launch": "true",
                "value": "owned"
              },
              {
                "key": "kubernetes.io/cluster/eks-cleric-vWbzySaE",
                "propagate_at_launch": "true",
                "value": "owned"
              }
            ],
            "target_group_arns": [],
            "termination_policies": [],
            "timeouts": null,
            "vpc_zone_identifier": [
              "subnet-08557b39c8715a50e",
              "subnet-0b34841bcd0f4e9fe",
              "subnet-0f80eaa8db40a8909"
            ],
            "wait_for_capacity_timeout": "10m",
            "wait_for_elb_capacity": null
          },
          "private": "eyJlMmJmYjczMC1lY2FhLTExZTYtOGY4OC0zNDM2M2JjN2M0YzAiOnsiZGVsZXRlIjo2MDAwMDAwMDAwMDB9fQ==",
          "dependencies": [
            "aws_security_group.worker_group_mgmt_one",
            "aws_security_group.worker_group_mgmt_two",
            "module.eks.aws_eks_cluster.this",
            "module.eks.aws_iam_instance_profile.workers",
            "module.eks.aws_iam_role_policy_attachment.workers_AmazonEC2ContainerRegistryReadOnly",
            "module.eks.aws_iam_role_policy_attachment.workers_AmazonEKSWorkerNodePolicy",
            "module.eks.aws_iam_role_policy_attachment.workers_AmazonEKS_CNI_Policy",
            "module.eks.aws_iam_role_policy_attachment.workers_additional_policies",
            "module.eks.aws_launch_configuration.workers",
            "module.eks.aws_security_group.workers",
            "module.eks.aws_security_group_rule.cluster_primary_ingress_workers",
            "module.eks.aws_security_group_rule.workers_egress_internet",
            "module.eks.aws_security_group_rule.workers_ingress_cluster",
            "module.eks.aws_security_group_rule.workers_ingress_cluster_https",
            "module.eks.aws_security_group_rule.workers_ingress_cluster_kubelet",
            "module.eks.aws_security_group_rule.workers_ingress_cluster_primary",
            "module.eks.aws_security_group_rule.workers_ingress_self",
            "module.eks.data.aws_ami.eks_worker",
            "module.eks.data.aws_ami.eks_worker_windows",
            "module.eks.data.aws_iam_instance_profile.custom_worker_group_iam_instance_profile",
            "module.eks.data.template_file.userdata",
            "module.eks.random_pet.workers",
            "module.vpc.aws_subnet.private"
          ],
          "create_before_destroy": true
        },
        {
          "index_key": 1,
          "schema_version": 0,
          "attributes": {
            "arn": "arn:aws:autoscaling:us-east-1:802091938968:autoScalingGroup:16ad0587-87cf-4257-9881-25e65cf4dc99:autoScalingGroupName/eks-cleric-vWbzySaE-worker-group-220201001012710713200000009",
            "availability_zones": [
              "us-east-1a",
              "us-east-1b",
              "us-east-1c"
            ],
            "default_cooldown": 300,
            "desired_capacity": 1,
            "enabled_metrics": [],
            "force_delete": false,
            "health_check_grace_period": 300,
            "health_check_type": "EC2",
            "id": "eks-cleric-vWbzySaE-worker-group-220201001012710713200000009",
            "initial_lifecycle_hook": [],
            "launch_configuration": "eks-cleric-vWbzySaE-worker-group-220201004224522358800000002",
            "launch_template": [],
            "load_balancers": [],
            "max_instance_lifetime": 0,
            "max_size": 3,
            "metrics_granularity": "1Minute",
            "min_elb_capacity": null,
            "min_size": 1,
            "mixed_instances_policy": [],
            "name": "eks-cleric-vWbzySaE-worker-group-220201001012710713200000009",
            "name_prefix": "eks-cleric-vWbzySaE-worker-group-2",
            "placement_group": "",
            "protect_from_scale_in": false,
            "service_linked_role_arn": "arn:aws:iam::802091938968:role/aws-service-role/autoscaling.amazonaws.com/AWSServiceRoleForAutoScaling",
            "suspended_processes": [
              "AZRebalance"
            ],
            "tag": [],
            "tags": [
              {
                "key": "Environment",
                "propagate_at_launch": "true",
                "value": "dev"
              },
              {
                "key": "GithubOrg",
                "propagate_at_launch": "true",
                "value": "terraform-aws-modules"
              },
              {
                "key": "GithubRepo",
                "propagate_at_launch": "true",
                "value": "terraform-aws-eks"
              },
              {
                "key": "Name",
                "propagate_at_launch": "true",
                "value": "eks-cleric-vWbzySaE-worker-group-2-eks_asg"
              },
              {
                "key": "k8s.io/cluster/eks-cleric-vWbzySaE",
                "propagate_at_launch": "true",
                "value": "owned"
              },
              {
                "key": "kubernetes.io/cluster/eks-cleric-vWbzySaE",
                "propagate_at_launch": "true",
                "value": "owned"
              }
            ],
            "target_group_arns": [],
            "termination_policies": [],
            "timeouts": null,
            "vpc_zone_identifier": [
              "subnet-08557b39c8715a50e",
              "subnet-0b34841bcd0f4e9fe",
              "subnet-0f80eaa8db40a8909"
            ],
            "wait_for_capacity_timeout": "10m",
            "wait_for_elb_capacity": null
          },
          "private": "eyJlMmJmYjczMC1lY2FhLTExZTYtOGY4OC0zNDM2M2JjN2M0YzAiOnsiZGVsZXRlIjo2MDAwMDAwMDAwMDB9fQ==",
          "dependencies": [
            "aws_security_group.worker_group_mgmt_one",
            "aws_security_group.worker_group_mgmt_two",
            "module.eks.aws_eks_cluster.this",
            "module.eks.aws_iam_instance_profile.workers",
            "module.eks.aws_iam_role_policy_attachment.workers_AmazonEC2ContainerRegistryReadOnly",
            "module.eks.aws_iam_role_policy_attachment.workers_AmazonEKSWorkerNodePolicy",
            "module.eks.aws_iam_role_policy_attachment.workers_AmazonEKS_CNI_Policy",
            "module.eks.aws_iam_role_policy_attachment.workers_additional_policies",
            "module.eks.aws_launch_configuration.workers",
            "module.eks.aws_security_group.workers",
            "module.eks.aws_security_group_rule.cluster_primary_ingress_workers",
            "module.eks.aws_security_group_rule.workers_egress_internet",
            "module.eks.aws_security_group_rule.workers_ingress_cluster",
            "module.eks.aws_security_group_rule.workers_ingress_cluster_https",
            "module.eks.aws_security_group_rule.workers_ingress_cluster_kubelet",
            "module.eks.aws_security_group_rule.workers_ingress_cluster_primary",
            "module.eks.aws_security_group_rule.workers_ingress_self",
            "module.eks.data.aws_ami.eks_worker",
            "module.eks.data.aws_ami.eks_worker_windows",
            "module.eks.data.aws_iam_instance_profile.custom_worker_group_iam_instance_profile",
            "module.eks.data.template_file.userdata",
            "module.eks.random_pet.workers",
            "module.vpc.aws_subnet.private"
          ],
          "create_before_destroy": true
        }
      ]
    },
    {
      "module": "module.eks",
      "mode": "managed",
      "type": "aws_cloudwatch_log_group",
      "name": "this",
      "provider": "provider[\"registry.terraform.io/hashicorp/aws\"]",
      "instances": []
    },
    {
      "module": "module.eks",
      "mode": "managed",
      "type": "aws_eks_cluster",
      "name": "this",
      "provider": "provider[\"registry.terraform.io/hashicorp/aws\"]",
      "instances": [
        {
          "index_key": 0,
          "schema_version": 0,
          "attributes": {
            "arn": "arn:aws:eks:us-east-1:802091938968:cluster/eks-cleric-vWbzySaE",
            "certificate_authority": [
              {
                "data": "LS0tLS1CRUdJTiBDRVJUSUZJQ0FURS0tLS0tCk1JSUN5RENDQWJDZ0F3SUJBZ0lCQURBTkJna3Foa2lHOXcwQkFRc0ZBREFWTVJNd0VRWURWUVFERXdwcmRXSmwKY201bGRHVnpNQjRYRFRJd01UQXdNVEF4TWpNME9Gb1hEVE13TURreU9UQXhNak0wT0Zvd0ZURVRNQkVHQTFVRQpBeE1LYTNWaVpYSnVaWFJsY3pDQ0FTSXdEUVlKS29aSWh2Y05BUUVCQlFBRGdnRVBBRENDQVFvQ2dnRUJBTk5pCkF5SXRuZzdDRjQyeUZvOHZrOUZXYys5NDUyY3pNRjdOM1pDY1hGOGFBWURsOXFrSkxJWGt6d0F4OEFFK2dmN1kKdHl3aHlrT3hURXVVM0pBUWlpZFhQYWN6ekZSRkk4MjNsS0pET2RHMVBuakw3dVRTNFBlU3M4cmxpbHRVdVFOSApMclFoRHZrWHB5UFJidW1QOUE4UjhHYjhyVW10eG5LcFRsMnMyZVl6Q1NVQnZnRHlYbTZBOFV3cHBHcFZtckMrCk5qNWR5WmtHUnM4S1kwcFJxRjV4RGtpYjJUVkxITlZhYi90S2thWm5teXc4Mk55SENTSTVwbTJScDhyanlsWkoKUXlLMkNJRVVEYWltVUh1VW10RU13OWhya2k2WmZjNlpiSkV3NG5mcjMwam9Xd3dWNEtBayt1eTFQNmFYRWordQpOUE5RTTQ2WUxlMmY2ak84cGtVQ0F3RUFBYU1qTUNFd0RnWURWUjBQQVFIL0JBUURBZ0trTUE4R0ExVWRFd0VCCi93UUZNQU1CQWY4d0RRWUpLb1pJaHZjTkFRRUxCUUFEZ2dFQkFFK3BZODVsN1pUK2xtV1o1NS9XdVRVRWx5UjUKaW5uZng4ZlZYbDZwKzRCSzJNeGdlNUxpY1ZUODZTSDJlM3JDTHBMamF0NWZaalJGYVJyWStaSU1FTnk4VlZsSgpFaGRJc1dlWWtTSXN5NWk2VFlGamcyalphSzFTYWJqQTd6UVJUS3NqNDhObVl3NHgwMVNMbS9QU1RTN0xqWVE0CnBOU0FUZzZZM2hwVTQzcjhSUVIxcnM0RW84Um1CaFloSHVJbTBxenFQa0FxMmRoQjhmeDIwVVNUWndsSXdZWGcKbXcxcE5uaDFvRjJFL0xoaE5PekU0TjA4cFFrdXFWNTkxalpLa3dYb3Q3T2c1YlFPRHZZVEdlc1JZYmpZR2tuQwpCcFIrQXY3aGJ1Q2l0Ynl5OUxteFZyMFJuenZybytwaGk3SU5yYlR5M05HTFJYUDRKWkZWVVREeWhQRT0KLS0tLS1FTkQgQ0VSVElGSUNBVEUtLS0tLQo="
              }
            ],
            "created_at": "2020-10-01 01:14:18.97 +0000 UTC",
            "enabled_cluster_log_types": [],
            "encryption_config": [],
            "endpoint": "https://5AB753A55C308DDD2DFFDBA5F4D692A3.gr7.us-east-1.eks.amazonaws.com",
            "id": "eks-cleric-vWbzySaE",
            "identity": [
              {
                "oidc": [
                  {
                    "issuer": "https://oidc.eks.us-east-1.amazonaws.com/id/5AB753A55C308DDD2DFFDBA5F4D692A3"
                  }
                ]
              }
            ],
            "name": "eks-cleric-vWbzySaE",
            "platform_version": "eks.3",
            "role_arn": "arn:aws:iam::802091938968:role/eks-cleric-vWbzySaE20200930221636768900000001",
            "status": "ACTIVE",
            "tags": {
              "Environment": "dev",
              "GithubOrg": "terraform-aws-modules",
              "GithubRepo": "terraform-aws-eks"
            },
            "timeouts": {
              "create": "30m",
              "delete": "15m",
              "update": null
            },
            "version": "1.16",
            "vpc_config": [
              {
                "cluster_security_group_id": "sg-00029780e3ece7d7c",
                "endpoint_private_access": false,
                "endpoint_public_access": true,
                "public_access_cidrs": [
                  "0.0.0.0/0"
                ],
                "security_group_ids": [
                  "sg-08b8f474f209e9f00"
                ],
                "subnet_ids": [
                  "subnet-08557b39c8715a50e",
                  "subnet-0b34841bcd0f4e9fe",
                  "subnet-0f80eaa8db40a8909"
                ],
                "vpc_id": "vpc-0d16a944fc21b6f9f"
              }
            ]
          },
          "private": "eyJlMmJmYjczMC1lY2FhLTExZTYtOGY4OC0zNDM2M2JjN2M0YzAiOnsiY3JlYXRlIjoxODAwMDAwMDAwMDAwLCJkZWxldGUiOjkwMDAwMDAwMDAwMCwidXBkYXRlIjozNjAwMDAwMDAwMDAwfX0=",
          "dependencies": [
            "module.eks.aws_cloudwatch_log_group.this",
            "module.eks.aws_iam_role.cluster",
            "module.eks.aws_iam_role_policy_attachment.cluster_AmazonEKSClusterPolicy",
            "module.eks.aws_iam_role_policy_attachment.cluster_AmazonEKSServicePolicy",
            "module.eks.aws_security_group.cluster",
            "module.eks.aws_security_group_rule.cluster_egress_internet",
            "module.eks.aws_security_group_rule.cluster_https_worker_ingress",
            "module.eks.data.aws_iam_role.custom_cluster_iam_role",
            "module.vpc.aws_subnet.private",
            "random_string.suffix"
          ],
          "create_before_destroy": true
        }
      ]
    },
    {
      "module": "module.eks",
      "mode": "managed",
      "type": "aws_iam_instance_profile",
      "name": "workers",
      "provider": "provider[\"registry.terraform.io/hashicorp/aws\"]",
      "instances": [
        {
          "index_key": 0,
          "schema_version": 0,
          "attributes": {
            "arn": "arn:aws:iam::802091938968:instance-profile/eks-cleric-vWbzySaE20201001012700647400000003",
            "create_date": "2020-10-01T01:27:53Z",
            "id": "eks-cleric-vWbzySaE20201001012700647400000003",
            "name": "eks-cleric-vWbzySaE20201001012700647400000003",
            "name_prefix": "eks-cleric-vWbzySaE",
            "path": "/",
            "role": "eks-cleric-vWbzySaE20201001012700151200000001",
            "unique_id": "AIPA3VQDHWSMAJSPQ2N5X"
          },
          "private": "bnVsbA==",
          "dependencies": [
            "aws_security_group.worker_group_mgmt_one",
            "aws_security_group.worker_group_mgmt_two",
            "module.eks.aws_cloudwatch_log_group.this",
            "module.eks.aws_eks_cluster.this",
            "module.eks.aws_iam_role.cluster",
            "module.eks.aws_iam_role.workers",
            "module.eks.aws_iam_role_policy_attachment.cluster_AmazonEKSClusterPolicy",
            "module.eks.aws_iam_role_policy_attachment.cluster_AmazonEKSServicePolicy",
            "module.eks.aws_security_group.cluster",
            "module.eks.aws_security_group_rule.cluster_egress_internet",
            "module.eks.aws_security_group_rule.cluster_https_worker_ingress",
            "module.eks.data.aws_iam_policy_document.workers_assume_role_policy",
            "module.eks.data.aws_iam_role.custom_cluster_iam_role",
            "module.vpc.aws_subnet.private",
            "random_string.suffix"
          ],
          "create_before_destroy": true
        },
        {
          "index_key": 1,
          "schema_version": 0,
          "attributes": {
            "arn": "arn:aws:iam::802091938968:instance-profile/eks-cleric-vWbzySaE20201001012700647400000002",
            "create_date": "2020-10-01T01:27:53Z",
            "id": "eks-cleric-vWbzySaE20201001012700647400000002",
            "name": "eks-cleric-vWbzySaE20201001012700647400000002",
            "name_prefix": "eks-cleric-vWbzySaE",
            "path": "/",
            "role": "eks-cleric-vWbzySaE20201001012700151200000001",
            "unique_id": "AIPA3VQDHWSMJTFE3X73N"
          },
          "private": "bnVsbA==",
          "dependencies": [
            "aws_security_group.worker_group_mgmt_one",
            "aws_security_group.worker_group_mgmt_two",
            "module.eks.aws_cloudwatch_log_group.this",
            "module.eks.aws_eks_cluster.this",
            "module.eks.aws_iam_role.cluster",
            "module.eks.aws_iam_role.workers",
            "module.eks.aws_iam_role_policy_attachment.cluster_AmazonEKSClusterPolicy",
            "module.eks.aws_iam_role_policy_attachment.cluster_AmazonEKSServicePolicy",
            "module.eks.aws_security_group.cluster",
            "module.eks.aws_security_group_rule.cluster_egress_internet",
            "module.eks.aws_security_group_rule.cluster_https_worker_ingress",
            "module.eks.data.aws_iam_policy_document.workers_assume_role_policy",
            "module.eks.data.aws_iam_role.custom_cluster_iam_role",
            "module.vpc.aws_subnet.private",
            "random_string.suffix"
          ],
          "create_before_destroy": true
        }
      ]
    },
    {
      "module": "module.eks",
      "mode": "managed",
      "type": "aws_iam_instance_profile",
      "name": "workers_launch_template",
      "provider": "provider[\"registry.terraform.io/hashicorp/aws\"]",
      "instances": []
    },
    {
      "module": "module.eks",
      "mode": "managed",
      "type": "aws_iam_role",
      "name": "cluster",
      "provider": "provider[\"registry.terraform.io/hashicorp/aws\"]",
      "instances": [
        {
          "index_key": 0,
          "schema_version": 0,
          "attributes": {
            "arn": "arn:aws:iam::802091938968:role/eks-cleric-vWbzySaE20200930221636768900000001",
            "assume_role_policy": "{\"Version\":\"2012-10-17\",\"Statement\":[{\"Sid\":\"EKSClusterAssumeRole\",\"Effect\":\"Allow\",\"Principal\":{\"Service\":\"eks.amazonaws.com\"},\"Action\":\"sts:AssumeRole\"}]}",
            "create_date": "2020-09-30T22:17:27Z",
            "description": "",
            "force_detach_policies": true,
            "id": "eks-cleric-vWbzySaE20200930221636768900000001",
            "max_session_duration": 3600,
            "name": "eks-cleric-vWbzySaE20200930221636768900000001",
            "name_prefix": "eks-cleric-vWbzySaE",
            "path": "/",
            "permissions_boundary": null,
            "tags": {
              "Environment": "dev",
              "GithubOrg": "terraform-aws-modules",
              "GithubRepo": "terraform-aws-eks"
            },
            "unique_id": "AROA3VQDHWSMD3YESYPAK"
          },
          "private": "bnVsbA==",
          "dependencies": [
            "module.eks.data.aws_iam_policy_document.cluster_assume_role_policy",
            "random_string.suffix"
          ],
          "create_before_destroy": true
        }
      ]
    },
    {
      "module": "module.eks",
      "mode": "managed",
      "type": "aws_iam_role",
      "name": "workers",
      "provider": "provider[\"registry.terraform.io/hashicorp/aws\"]",
      "instances": [
        {
          "index_key": 0,
          "schema_version": 0,
          "attributes": {
            "arn": "arn:aws:iam::802091938968:role/eks-cleric-vWbzySaE20201001012700151200000001",
            "assume_role_policy": "{\"Version\":\"2012-10-17\",\"Statement\":[{\"Sid\":\"EKSWorkerAssumeRole\",\"Effect\":\"Allow\",\"Principal\":{\"Service\":\"ec2.amazonaws.com\"},\"Action\":\"sts:AssumeRole\"}]}",
            "create_date": "2020-10-01T01:27:52Z",
            "description": "",
            "force_detach_policies": true,
            "id": "eks-cleric-vWbzySaE20201001012700151200000001",
            "max_session_duration": 3600,
            "name": "eks-cleric-vWbzySaE20201001012700151200000001",
            "name_prefix": "eks-cleric-vWbzySaE",
            "path": "/",
            "permissions_boundary": null,
            "tags": {
              "Environment": "dev",
              "GithubOrg": "terraform-aws-modules",
              "GithubRepo": "terraform-aws-eks"
            },
            "unique_id": "AROA3VQDHWSMEHEY6MSH3"
          },
          "private": "bnVsbA==",
          "dependencies": [
            "module.eks.aws_cloudwatch_log_group.this",
            "module.eks.aws_eks_cluster.this",
            "module.eks.aws_iam_role.cluster",
            "module.eks.aws_iam_role_policy_attachment.cluster_AmazonEKSClusterPolicy",
            "module.eks.aws_iam_role_policy_attachment.cluster_AmazonEKSServicePolicy",
            "module.eks.aws_security_group.cluster",
            "module.eks.aws_security_group_rule.cluster_egress_internet",
            "module.eks.aws_security_group_rule.cluster_https_worker_ingress",
            "module.eks.data.aws_iam_policy_document.workers_assume_role_policy",
            "module.eks.data.aws_iam_role.custom_cluster_iam_role",
            "module.vpc.aws_subnet.private",
            "random_string.suffix"
          ],
          "create_before_destroy": true
        }
      ]
    },
    {
      "module": "module.eks",
      "mode": "managed",
      "type": "aws_iam_role_policy",
      "name": "cluster_elb_sl_role_creation",
      "provider": "provider[\"registry.terraform.io/hashicorp/aws\"]",
      "instances": [
        {
          "index_key": 0,
          "schema_version": 0,
          "attributes": {
            "id": "eks-cleric-vWbzySaE20200930221636768900000001:eks-cleric-vWbzySaE-elb-sl-role-creation20200930221637276100000002",
            "name": "eks-cleric-vWbzySaE-elb-sl-role-creation20200930221637276100000002",
            "name_prefix": "eks-cleric-vWbzySaE-elb-sl-role-creation",
            "policy": "{\n  \"Version\": \"2012-10-17\",\n  \"Statement\": [\n    {\n      \"Sid\": \"\",\n      \"Effect\": \"Allow\",\n      \"Action\": [\n        \"ec2:DescribeInternetGateways\",\n        \"ec2:DescribeAccountAttributes\"\n      ],\n      \"Resource\": \"*\"\n    }\n  ]\n}",
            "role": "eks-cleric-vWbzySaE20200930221636768900000001"
          },
          "private": "bnVsbA==",
          "dependencies": [
            "module.eks.aws_iam_role.cluster",
            "module.eks.data.aws_iam_policy_document.cluster_assume_role_policy",
            "module.eks.data.aws_iam_policy_document.cluster_elb_sl_role_creation",
            "random_string.suffix"
          ]
        }
      ]
    },
    {
      "module": "module.eks",
      "mode": "managed",
      "type": "aws_iam_role_policy_attachment",
      "name": "cluster_AmazonEKSClusterPolicy",
      "provider": "provider[\"registry.terraform.io/hashicorp/aws\"]",
      "instances": [
        {
          "index_key": 0,
          "schema_version": 0,
          "attributes": {
            "id": "eks-cleric-vWbzySaE20200930221636768900000001-20200930221637539100000004",
            "policy_arn": "arn:aws:iam::aws:policy/AmazonEKSClusterPolicy",
            "role": "eks-cleric-vWbzySaE20200930221636768900000001"
          },
          "private": "bnVsbA==",
          "dependencies": [
            "module.eks.aws_iam_role.cluster",
            "module.eks.data.aws_iam_policy_document.cluster_assume_role_policy",
            "module.eks.data.aws_partition.current",
            "random_string.suffix"
          ],
          "create_before_destroy": true
        }
      ]
    },
    {
      "module": "module.eks",
      "mode": "managed",
      "type": "aws_iam_role_policy_attachment",
      "name": "cluster_AmazonEKSServicePolicy",
      "provider": "provider[\"registry.terraform.io/hashicorp/aws\"]",
      "instances": [
        {
          "index_key": 0,
          "schema_version": 0,
          "attributes": {
            "id": "eks-cleric-vWbzySaE20200930221636768900000001-20200930221637503600000003",
            "policy_arn": "arn:aws:iam::aws:policy/AmazonEKSServicePolicy",
            "role": "eks-cleric-vWbzySaE20200930221636768900000001"
          },
          "private": "bnVsbA==",
          "dependencies": [
            "module.eks.aws_iam_role.cluster",
            "module.eks.data.aws_iam_policy_document.cluster_assume_role_policy",
            "module.eks.data.aws_partition.current",
            "random_string.suffix"
          ],
          "create_before_destroy": true
        }
      ]
    },
    {
      "module": "module.eks",
      "mode": "managed",
      "type": "aws_iam_role_policy_attachment",
      "name": "workers_AmazonEC2ContainerRegistryReadOnly",
      "provider": "provider[\"registry.terraform.io/hashicorp/aws\"]",
      "instances": [
        {
          "index_key": 0,
          "schema_version": 0,
          "attributes": {
            "id": "eks-cleric-vWbzySaE20201001012700151200000001-20201001012700835800000005",
            "policy_arn": "arn:aws:iam::aws:policy/AmazonEC2ContainerRegistryReadOnly",
            "role": "eks-cleric-vWbzySaE20201001012700151200000001"
          },
          "private": "bnVsbA==",
          "dependencies": [
            "module.eks.aws_cloudwatch_log_group.this",
            "module.eks.aws_eks_cluster.this",
            "module.eks.aws_iam_role.cluster",
            "module.eks.aws_iam_role.workers",
            "module.eks.aws_iam_role_policy_attachment.cluster_AmazonEKSClusterPolicy",
            "module.eks.aws_iam_role_policy_attachment.cluster_AmazonEKSServicePolicy",
            "module.eks.aws_security_group.cluster",
            "module.eks.aws_security_group_rule.cluster_egress_internet",
            "module.eks.aws_security_group_rule.cluster_https_worker_ingress",
            "module.eks.data.aws_iam_policy_document.workers_assume_role_policy",
            "module.eks.data.aws_iam_role.custom_cluster_iam_role",
            "module.eks.data.aws_partition.current",
            "module.vpc.aws_subnet.private",
            "random_string.suffix"
          ],
          "create_before_destroy": true
        }
      ]
    },
    {
      "module": "module.eks",
      "mode": "managed",
      "type": "aws_iam_role_policy_attachment",
      "name": "workers_AmazonEKSWorkerNodePolicy",
      "provider": "provider[\"registry.terraform.io/hashicorp/aws\"]",
      "instances": [
        {
          "index_key": 0,
          "schema_version": 0,
          "attributes": {
            "id": "eks-cleric-vWbzySaE20201001012700151200000001-20201001012700851800000006",
            "policy_arn": "arn:aws:iam::aws:policy/AmazonEKSWorkerNodePolicy",
            "role": "eks-cleric-vWbzySaE20201001012700151200000001"
          },
          "private": "bnVsbA==",
          "dependencies": [
            "module.eks.aws_cloudwatch_log_group.this",
            "module.eks.aws_eks_cluster.this",
            "module.eks.aws_iam_role.cluster",
            "module.eks.aws_iam_role.workers",
            "module.eks.aws_iam_role_policy_attachment.cluster_AmazonEKSClusterPolicy",
            "module.eks.aws_iam_role_policy_attachment.cluster_AmazonEKSServicePolicy",
            "module.eks.aws_security_group.cluster",
            "module.eks.aws_security_group_rule.cluster_egress_internet",
            "module.eks.aws_security_group_rule.cluster_https_worker_ingress",
            "module.eks.data.aws_iam_policy_document.workers_assume_role_policy",
            "module.eks.data.aws_iam_role.custom_cluster_iam_role",
            "module.eks.data.aws_partition.current",
            "module.vpc.aws_subnet.private",
            "random_string.suffix"
          ],
          "create_before_destroy": true
        }
      ]
    },
    {
      "module": "module.eks",
      "mode": "managed",
      "type": "aws_iam_role_policy_attachment",
      "name": "workers_AmazonEKS_CNI_Policy",
      "provider": "provider[\"registry.terraform.io/hashicorp/aws\"]",
      "instances": [
        {
          "index_key": 0,
          "schema_version": 0,
          "attributes": {
            "id": "eks-cleric-vWbzySaE20201001012700151200000001-20201001012700822800000004",
            "policy_arn": "arn:aws:iam::aws:policy/AmazonEKS_CNI_Policy",
            "role": "eks-cleric-vWbzySaE20201001012700151200000001"
          },
          "private": "bnVsbA==",
          "dependencies": [
            "module.eks.aws_cloudwatch_log_group.this",
            "module.eks.aws_eks_cluster.this",
            "module.eks.aws_iam_role.cluster",
            "module.eks.aws_iam_role.workers",
            "module.eks.aws_iam_role_policy_attachment.cluster_AmazonEKSClusterPolicy",
            "module.eks.aws_iam_role_policy_attachment.cluster_AmazonEKSServicePolicy",
            "module.eks.aws_security_group.cluster",
            "module.eks.aws_security_group_rule.cluster_egress_internet",
            "module.eks.aws_security_group_rule.cluster_https_worker_ingress",
            "module.eks.data.aws_iam_policy_document.workers_assume_role_policy",
            "module.eks.data.aws_iam_role.custom_cluster_iam_role",
            "module.eks.data.aws_partition.current",
            "module.vpc.aws_subnet.private",
            "random_string.suffix"
          ],
          "create_before_destroy": true
        }
      ]
    },
    {
      "module": "module.eks",
      "mode": "managed",
      "type": "aws_iam_role_policy_attachment",
      "name": "workers_additional_policies",
      "provider": "provider[\"registry.terraform.io/hashicorp/aws\"]",
      "instances": []
    },
    {
      "module": "module.eks",
      "mode": "managed",
      "type": "aws_launch_configuration",
      "name": "workers",
      "provider": "provider[\"registry.terraform.io/hashicorp/aws\"]",
      "instances": [
        {
          "index_key": 0,
          "schema_version": 0,
          "attributes": {
            "arn": "arn:aws:autoscaling:us-east-1:802091938968:launchConfiguration:f4d31f56-2c6a-4d2e-9839-79f1d626a8a3:launchConfigurationName/eks-cleric-vWbzySaE-worker-group-120201004224522233900000001",
            "associate_public_ip_address": false,
            "ebs_block_device": [],
            "ebs_optimized": false,
            "enable_monitoring": true,
            "ephemeral_block_device": [],
            "iam_instance_profile": "eks-cleric-vWbzySaE20201001012700647400000003",
            "id": "eks-cleric-vWbzySaE-worker-group-120201004224522233900000001",
            "image_id": "ami-0ad862770d38cf930",
            "instance_type": "t2.small",
            "key_name": "",
            "name": "eks-cleric-vWbzySaE-worker-group-120201004224522233900000001",
            "name_prefix": "eks-cleric-vWbzySaE-worker-group-1",
            "placement_tenancy": "",
            "root_block_device": [
              {
                "delete_on_termination": true,
                "encrypted": false,
                "iops": 0,
                "volume_size": 100,
                "volume_type": "gp2"
              }
            ],
            "security_groups": [
              "sg-026a97d7566092772",
              "sg-0f1043dfd57038d9c"
            ],
            "spot_price": "",
            "user_data": null,
            "user_data_base64": "IyEvYmluL2Jhc2ggLXhlDQoNCiMgQWxsb3cgdXNlciBzdXBwbGllZCBwcmUgdXNlcmRhdGEgY29kZQ0KDQoNCiMgQm9vdHN0cmFwIGFuZCBqb2luIHRoZSBjbHVzdGVyDQovZXRjL2Vrcy9ib290c3RyYXAuc2ggLS1iNjQtY2x1c3Rlci1jYSAnTFMwdExTMUNSVWRKVGlCRFJWSlVTVVpKUTBGVVJTMHRMUzB0Q2sxSlNVTjVSRU5EUVdKRFowRjNTVUpCWjBsQ1FVUkJUa0puYTNGb2EybEhPWGN3UWtGUmMwWkJSRUZXVFZKTmQwVlJXVVJXVVZGRVJYZHdjbVJYU213S1kyMDFiR1JIVm5wTlFqUllSRlJKZDAxVVFYZE5WRUY0VFdwTk1FOUdiMWhFVkUxM1RVUnJlVTlVUVhoTmFrMHdUMFp2ZDBaVVJWUk5Ra1ZIUVRGVlJRcEJlRTFMWVROV2FWcFlTblZhV0ZKc1kzcERRMEZUU1hkRVVWbEtTMjlhU1doMlkwNUJVVVZDUWxGQlJHZG5SVkJCUkVORFFWRnZRMmRuUlVKQlRrNXBDa0Y1U1hSdVp6ZERSalF5ZVVadk9IWnJPVVpYWXlzNU5EVXlZM3BOUmpkT00xcERZMWhHT0dGQldVUnNPWEZyU2t4SldHdDZkMEY0T0VGRksyZG1OMWtLZEhsM2FIbHJUM2hVUlhWVk0wcEJVV2xwWkZoUVlXTjZla1pTUmtrNE1qTnNTMHBFVDJSSE1WQnVha3czZFZSVE5GQmxVM000Y214cGJIUlZkVkZPU0FwTWNsRm9SSFpyV0hCNVVGSmlkVzFRT1VFNFVqaEhZamh5VlcxMGVHNUxjRlJzTW5NeVpWbDZRMU5WUW5ablJIbFliVFpCT0ZWM2NIQkhjRlp0Y2tNckNrNXFOV1I1V210SFVuTTRTMWt3Y0ZKeFJqVjRSR3RwWWpKVVZreElUbFpoWWk5MFMydGhXbTV0ZVhjNE1rNTVTRU5UU1RWd2JUSlNjRGh5YW5sc1drb0tVWGxMTWtOSlJWVkVZV2x0VlVoMVZXMTBSVTEzT1doeWEyazJXbVpqTmxwaVNrVjNORzVtY2pNd2FtOVhkM2RXTkV0QmF5dDFlVEZRTm1GWVJXb3JkUXBPVUU1UlRUUTJXVXhsTW1ZMmFrODRjR3RWUTBGM1JVRkJZVTFxVFVORmQwUm5XVVJXVWpCUVFWRklMMEpCVVVSQlowdHJUVUU0UjBFeFZXUkZkMFZDQ2k5M1VVWk5RVTFDUVdZNGQwUlJXVXBMYjFwSmFIWmpUa0ZSUlV4Q1VVRkVaMmRGUWtGRkszQlpPRFZzTjFwVUsyeHRWMW8xTlM5WGRWUlZSV3g1VWpVS2FXNXVabmc0WmxaWWJEWndLelJDU3pKTmVHZGxOVXhwWTFaVU9EWlRTREpsTTNKRFRIQk1hbUYwTldaYWFsSkdZVkp5V1N0YVNVMUZUbms0Vmxac1NncEZhR1JKYzFkbFdXdFRTWE41TldrMlZGbEdhbWN5YWxwaFN6RlRZV0pxUVRkNlVWSlVTM05xTkRoT2JWbDNOSGd3TVZOTWJTOVFVMVJUTjB4cVdWRTBDbkJPVTBGVVp6WlpNMmh3VlRRemNqaFNVVkl4Y25NMFJXODRVbTFDYUZsb1NIVkpiVEJ4ZW5GUWEwRnhNbVJvUWpobWVESXdWVk5VV25kc1NYZFpXR2NLYlhjeGNFNXVhREZ2UmpKRkwweG9hRTVQZWtVMFRqQTRjRkZyZFhGV05Ua3hhbHBMYTNkWWIzUTNUMmMxWWxGUFJIWlpWRWRsYzFKWlltcFpSMnR1UXdwQ2NGSXJRWFkzYUdKMVEybDBZbmw1T1V4dGVGWnlNRkp1ZW5aeWJ5dHdhR2szU1U1eVlsUjVNMDVIVEZKWVVEUktXa1pXVlZSRWVXaFFSVDBLTFMwdExTMUZUa1FnUTBWU1ZFbEdTVU5CVkVVdExTMHRMUW89JyAtLWFwaXNlcnZlci1lbmRwb2ludCAnaHR0cHM6Ly81QUI3NTNBNTVDMzA4REREMkRGRkRCQTVGNEQ2OTJBMy5ncjcudXMtZWFzdC0xLmVrcy5hbWF6b25hd3MuY29tJyAgLS1rdWJlbGV0LWV4dHJhLWFyZ3MgIiIgJ2Vrcy1jbGVyaWMtdldienlTYUUnDQoNCiMgQWxsb3cgdXNlciBzdXBwbGllZCB1c2VyZGF0YSBjb2RlDQplY2hvIGZvbyBiYXINCg==",
            "vpc_classic_link_id": "",
            "vpc_classic_link_security_groups": null
          },
          "private": "bnVsbA==",
          "dependencies": [
            "aws_security_group.worker_group_mgmt_one",
            "aws_security_group.worker_group_mgmt_two",
            "module.eks.aws_eks_cluster.this",
            "module.eks.aws_iam_instance_profile.workers",
            "module.eks.aws_iam_role_policy_attachment.workers_AmazonEC2ContainerRegistryReadOnly",
            "module.eks.aws_iam_role_policy_attachment.workers_AmazonEKSWorkerNodePolicy",
            "module.eks.aws_iam_role_policy_attachment.workers_AmazonEKS_CNI_Policy",
            "module.eks.aws_iam_role_policy_attachment.workers_additional_policies",
            "module.eks.aws_security_group.workers",
            "module.eks.aws_security_group_rule.cluster_primary_ingress_workers",
            "module.eks.aws_security_group_rule.workers_egress_internet",
            "module.eks.aws_security_group_rule.workers_ingress_cluster",
            "module.eks.aws_security_group_rule.workers_ingress_cluster_https",
            "module.eks.aws_security_group_rule.workers_ingress_cluster_kubelet",
            "module.eks.aws_security_group_rule.workers_ingress_cluster_primary",
            "module.eks.aws_security_group_rule.workers_ingress_self",
            "module.eks.data.aws_ami.eks_worker",
            "module.eks.data.aws_ami.eks_worker_windows",
            "module.eks.data.aws_iam_instance_profile.custom_worker_group_iam_instance_profile",
            "module.eks.data.template_file.userdata",
            "module.vpc.aws_subnet.private"
          ],
          "create_before_destroy": true
        },
        {
          "index_key": 1,
          "schema_version": 0,
          "attributes": {
            "arn": "arn:aws:autoscaling:us-east-1:802091938968:launchConfiguration:0c98705c-1796-4d78-8055-53053548b631:launchConfigurationName/eks-cleric-vWbzySaE-worker-group-220201004224522358800000002",
            "associate_public_ip_address": false,
            "ebs_block_device": [],
            "ebs_optimized": false,
            "enable_monitoring": true,
            "ephemeral_block_device": [],
            "iam_instance_profile": "eks-cleric-vWbzySaE20201001012700647400000002",
            "id": "eks-cleric-vWbzySaE-worker-group-220201004224522358800000002",
            "image_id": "ami-0ad862770d38cf930",
            "instance_type": "t2.medium",
            "key_name": "",
            "name": "eks-cleric-vWbzySaE-worker-group-220201004224522358800000002",
            "name_prefix": "eks-cleric-vWbzySaE-worker-group-2",
            "placement_tenancy": "",
            "root_block_device": [
              {
                "delete_on_termination": true,
                "encrypted": false,
                "iops": 0,
                "volume_size": 100,
                "volume_type": "gp2"
              }
            ],
            "security_groups": [
              "sg-086a99fc365ee58e4",
              "sg-0f1043dfd57038d9c"
            ],
            "spot_price": "",
            "user_data": null,
            "user_data_base64": "IyEvYmluL2Jhc2ggLXhlDQoNCiMgQWxsb3cgdXNlciBzdXBwbGllZCBwcmUgdXNlcmRhdGEgY29kZQ0KDQoNCiMgQm9vdHN0cmFwIGFuZCBqb2luIHRoZSBjbHVzdGVyDQovZXRjL2Vrcy9ib290c3RyYXAuc2ggLS1iNjQtY2x1c3Rlci1jYSAnTFMwdExTMUNSVWRKVGlCRFJWSlVTVVpKUTBGVVJTMHRMUzB0Q2sxSlNVTjVSRU5EUVdKRFowRjNTVUpCWjBsQ1FVUkJUa0puYTNGb2EybEhPWGN3UWtGUmMwWkJSRUZXVFZKTmQwVlJXVVJXVVZGRVJYZHdjbVJYU213S1kyMDFiR1JIVm5wTlFqUllSRlJKZDAxVVFYZE5WRUY0VFdwTk1FOUdiMWhFVkUxM1RVUnJlVTlVUVhoTmFrMHdUMFp2ZDBaVVJWUk5Ra1ZIUVRGVlJRcEJlRTFMWVROV2FWcFlTblZhV0ZKc1kzcERRMEZUU1hkRVVWbEtTMjlhU1doMlkwNUJVVVZDUWxGQlJHZG5SVkJCUkVORFFWRnZRMmRuUlVKQlRrNXBDa0Y1U1hSdVp6ZERSalF5ZVVadk9IWnJPVVpYWXlzNU5EVXlZM3BOUmpkT00xcERZMWhHT0dGQldVUnNPWEZyU2t4SldHdDZkMEY0T0VGRksyZG1OMWtLZEhsM2FIbHJUM2hVUlhWVk0wcEJVV2xwWkZoUVlXTjZla1pTUmtrNE1qTnNTMHBFVDJSSE1WQnVha3czZFZSVE5GQmxVM000Y214cGJIUlZkVkZPU0FwTWNsRm9SSFpyV0hCNVVGSmlkVzFRT1VFNFVqaEhZamh5VlcxMGVHNUxjRlJzTW5NeVpWbDZRMU5WUW5ablJIbFliVFpCT0ZWM2NIQkhjRlp0Y2tNckNrNXFOV1I1V210SFVuTTRTMWt3Y0ZKeFJqVjRSR3RwWWpKVVZreElUbFpoWWk5MFMydGhXbTV0ZVhjNE1rNTVTRU5UU1RWd2JUSlNjRGh5YW5sc1drb0tVWGxMTWtOSlJWVkVZV2x0VlVoMVZXMTBSVTEzT1doeWEyazJXbVpqTmxwaVNrVjNORzVtY2pNd2FtOVhkM2RXTkV0QmF5dDFlVEZRTm1GWVJXb3JkUXBPVUU1UlRUUTJXVXhsTW1ZMmFrODRjR3RWUTBGM1JVRkJZVTFxVFVORmQwUm5XVVJXVWpCUVFWRklMMEpCVVVSQlowdHJUVUU0UjBFeFZXUkZkMFZDQ2k5M1VVWk5RVTFDUVdZNGQwUlJXVXBMYjFwSmFIWmpUa0ZSUlV4Q1VVRkVaMmRGUWtGRkszQlpPRFZzTjFwVUsyeHRWMW8xTlM5WGRWUlZSV3g1VWpVS2FXNXVabmc0WmxaWWJEWndLelJDU3pKTmVHZGxOVXhwWTFaVU9EWlRTREpsTTNKRFRIQk1hbUYwTldaYWFsSkdZVkp5V1N0YVNVMUZUbms0Vmxac1NncEZhR1JKYzFkbFdXdFRTWE41TldrMlZGbEdhbWN5YWxwaFN6RlRZV0pxUVRkNlVWSlVTM05xTkRoT2JWbDNOSGd3TVZOTWJTOVFVMVJUTjB4cVdWRTBDbkJPVTBGVVp6WlpNMmh3VlRRemNqaFNVVkl4Y25NMFJXODRVbTFDYUZsb1NIVkpiVEJ4ZW5GUWEwRnhNbVJvUWpobWVESXdWVk5VV25kc1NYZFpXR2NLYlhjeGNFNXVhREZ2UmpKRkwweG9hRTVQZWtVMFRqQTRjRkZyZFhGV05Ua3hhbHBMYTNkWWIzUTNUMmMxWWxGUFJIWlpWRWRsYzFKWlltcFpSMnR1UXdwQ2NGSXJRWFkzYUdKMVEybDBZbmw1T1V4dGVGWnlNRkp1ZW5aeWJ5dHdhR2szU1U1eVlsUjVNMDVIVEZKWVVEUktXa1pXVlZSRWVXaFFSVDBLTFMwdExTMUZUa1FnUTBWU1ZFbEdTVU5CVkVVdExTMHRMUW89JyAtLWFwaXNlcnZlci1lbmRwb2ludCAnaHR0cHM6Ly81QUI3NTNBNTVDMzA4REREMkRGRkRCQTVGNEQ2OTJBMy5ncjcudXMtZWFzdC0xLmVrcy5hbWF6b25hd3MuY29tJyAgLS1rdWJlbGV0LWV4dHJhLWFyZ3MgIiIgJ2Vrcy1jbGVyaWMtdldienlTYUUnDQoNCiMgQWxsb3cgdXNlciBzdXBwbGllZCB1c2VyZGF0YSBjb2RlDQplY2hvIGZvbyBiYXINCg==",
            "vpc_classic_link_id": "",
            "vpc_classic_link_security_groups": null
          },
          "private": "bnVsbA==",
          "dependencies": [
            "aws_security_group.worker_group_mgmt_one",
            "aws_security_group.worker_group_mgmt_two",
            "module.eks.aws_eks_cluster.this",
            "module.eks.aws_iam_instance_profile.workers",
            "module.eks.aws_iam_role_policy_attachment.workers_AmazonEC2ContainerRegistryReadOnly",
            "module.eks.aws_iam_role_policy_attachment.workers_AmazonEKSWorkerNodePolicy",
            "module.eks.aws_iam_role_policy_attachment.workers_AmazonEKS_CNI_Policy",
            "module.eks.aws_iam_role_policy_attachment.workers_additional_policies",
            "module.eks.aws_security_group.workers",
            "module.eks.aws_security_group_rule.cluster_primary_ingress_workers",
            "module.eks.aws_security_group_rule.workers_egress_internet",
            "module.eks.aws_security_group_rule.workers_ingress_cluster",
            "module.eks.aws_security_group_rule.workers_ingress_cluster_https",
            "module.eks.aws_security_group_rule.workers_ingress_cluster_kubelet",
            "module.eks.aws_security_group_rule.workers_ingress_cluster_primary",
            "module.eks.aws_security_group_rule.workers_ingress_self",
            "module.eks.data.aws_ami.eks_worker",
            "module.eks.data.aws_ami.eks_worker_windows",
            "module.eks.data.aws_iam_instance_profile.custom_worker_group_iam_instance_profile",
            "module.eks.data.template_file.userdata",
            "module.vpc.aws_subnet.private"
          ],
          "create_before_destroy": true
        }
      ]
    },
    {
      "module": "module.eks",
      "mode": "managed",
      "type": "aws_security_group",
      "name": "cluster",
      "provider": "provider[\"registry.terraform.io/hashicorp/aws\"]",
      "instances": [
        {
          "index_key": 0,
          "schema_version": 1,
          "attributes": {
            "arn": "arn:aws:ec2:us-east-1:802091938968:security-group/sg-08b8f474f209e9f00",
            "description": "EKS cluster security group.",
            "egress": [
              {
                "cidr_blocks": [
                  "0.0.0.0/0"
                ],
                "description": "Allow cluster egress access to the Internet.",
                "from_port": 0,
                "ipv6_cidr_blocks": [],
                "prefix_list_ids": [],
                "protocol": "-1",
                "security_groups": [],
                "self": false,
                "to_port": 0
              }
            ],
            "id": "sg-08b8f474f209e9f00",
            "ingress": [
              {
                "cidr_blocks": [],
                "description": "Allow pods to communicate with the EKS cluster API.",
                "from_port": 443,
                "ipv6_cidr_blocks": [],
                "prefix_list_ids": [],
                "protocol": "tcp",
                "security_groups": [
                  "sg-0f1043dfd57038d9c"
                ],
                "self": false,
                "to_port": 443
              }
            ],
            "name": "eks-cleric-vWbzySaE20200930221317013600000006",
            "name_prefix": "eks-cleric-vWbzySaE",
            "owner_id": "802091938968",
            "revoke_rules_on_delete": false,
            "tags": {
              "Environment": "dev",
              "GithubOrg": "terraform-aws-modules",
              "GithubRepo": "terraform-aws-eks",
              "Name": "eks-cleric-vWbzySaE-eks_cluster_sg"
            },
            "timeouts": null,
            "vpc_id": "vpc-0d16a944fc21b6f9f"
          },
          "private": "eyJlMmJmYjczMC1lY2FhLTExZTYtOGY4OC0zNDM2M2JjN2M0YzAiOnsiY3JlYXRlIjo2MDAwMDAwMDAwMDAsImRlbGV0ZSI6NjAwMDAwMDAwMDAwfSwic2NoZW1hX3ZlcnNpb24iOiIxIn0=",
          "dependencies": [
            "module.vpc.aws_vpc.this",
            "random_string.suffix"
          ],
          "create_before_destroy": true
        }
      ]
    },
    {
      "module": "module.eks",
      "mode": "managed",
      "type": "aws_security_group",
      "name": "workers",
      "provider": "provider[\"registry.terraform.io/hashicorp/aws\"]",
      "instances": [
        {
          "index_key": 0,
          "schema_version": 1,
          "attributes": {
            "arn": "arn:aws:ec2:us-east-1:802091938968:security-group/sg-0f1043dfd57038d9c",
            "description": "Security group for all nodes in the cluster.",
            "egress": [
              {
                "cidr_blocks": [
                  "0.0.0.0/0"
                ],
                "description": "Allow nodes all egress to the Internet.",
                "from_port": 0,
                "ipv6_cidr_blocks": [],
                "prefix_list_ids": [],
                "protocol": "-1",
                "security_groups": [],
                "self": false,
                "to_port": 0
              }
            ],
            "id": "sg-0f1043dfd57038d9c",
            "ingress": [
              {
                "cidr_blocks": [],
                "description": "Allow node to communicate with each other.",
                "from_port": 0,
                "ipv6_cidr_blocks": [],
                "prefix_list_ids": [],
                "protocol": "-1",
                "security_groups": [],
                "self": true,
                "to_port": 0
              },
              {
                "cidr_blocks": [],
                "description": "Allow pods running extension API servers on port 443 to receive communication from cluster control plane.",
                "from_port": 443,
                "ipv6_cidr_blocks": [],
                "prefix_list_ids": [],
                "protocol": "tcp",
                "security_groups": [
                  "sg-08b8f474f209e9f00"
                ],
                "self": false,
                "to_port": 443
              },
              {
                "cidr_blocks": [],
                "description": "Allow workers pods to receive communication from the cluster control plane.",
                "from_port": 1025,
                "ipv6_cidr_blocks": [],
                "prefix_list_ids": [],
                "protocol": "tcp",
                "security_groups": [
                  "sg-08b8f474f209e9f00"
                ],
                "self": false,
                "to_port": 65535
              }
            ],
            "name": "eks-cleric-vWbzySaE20200930221316913400000005",
            "name_prefix": "eks-cleric-vWbzySaE",
            "owner_id": "802091938968",
            "revoke_rules_on_delete": false,
            "tags": {
              "Environment": "dev",
              "GithubOrg": "terraform-aws-modules",
              "GithubRepo": "terraform-aws-eks",
              "Name": "eks-cleric-vWbzySaE-eks_worker_sg",
              "kubernetes.io/cluster/eks-cleric-vWbzySaE": "owned"
            },
            "timeouts": null,
            "vpc_id": "vpc-0d16a944fc21b6f9f"
          },
          "private": "eyJlMmJmYjczMC1lY2FhLTExZTYtOGY4OC0zNDM2M2JjN2M0YzAiOnsiY3JlYXRlIjo2MDAwMDAwMDAwMDAsImRlbGV0ZSI6NjAwMDAwMDAwMDAwfSwic2NoZW1hX3ZlcnNpb24iOiIxIn0=",
          "dependencies": [
            "module.vpc.aws_vpc.this",
            "random_string.suffix"
          ],
          "create_before_destroy": true
        }
      ]
    },
    {
      "module": "module.eks",
      "mode": "managed",
      "type": "aws_security_group_rule",
      "name": "cluster_egress_internet",
      "provider": "provider[\"registry.terraform.io/hashicorp/aws\"]",
      "instances": [
        {
          "index_key": 0,
          "schema_version": 2,
          "attributes": {
            "cidr_blocks": [
              "0.0.0.0/0"
            ],
            "description": "Allow cluster egress access to the Internet.",
            "from_port": 0,
            "id": "sgrule-564436149",
            "ipv6_cidr_blocks": [],
            "prefix_list_ids": [],
            "protocol": "-1",
            "security_group_id": "sg-08b8f474f209e9f00",
            "self": false,
            "source_security_group_id": null,
            "to_port": 0,
            "type": "egress"
          },
          "private": "eyJzY2hlbWFfdmVyc2lvbiI6IjIifQ==",
          "dependencies": [
            "module.eks.aws_security_group.cluster",
            "module.vpc.aws_vpc.this",
            "random_string.suffix"
          ],
          "create_before_destroy": true
        }
      ]
    },
    {
      "module": "module.eks",
      "mode": "managed",
      "type": "aws_security_group_rule",
      "name": "cluster_https_worker_ingress",
      "provider": "provider[\"registry.terraform.io/hashicorp/aws\"]",
      "instances": [
        {
          "index_key": 0,
          "schema_version": 2,
          "attributes": {
            "cidr_blocks": [],
            "description": "Allow pods to communicate with the EKS cluster API.",
            "from_port": 443,
            "id": "sgrule-2073073101",
            "ipv6_cidr_blocks": [],
            "prefix_list_ids": [],
            "protocol": "tcp",
            "security_group_id": "sg-08b8f474f209e9f00",
            "self": false,
            "source_security_group_id": "sg-0f1043dfd57038d9c",
            "to_port": 443,
            "type": "ingress"
          },
          "private": "eyJzY2hlbWFfdmVyc2lvbiI6IjIifQ==",
          "dependencies": [
            "module.eks.aws_security_group.cluster",
            "module.eks.aws_security_group.workers",
            "module.vpc.aws_vpc.this",
            "random_string.suffix"
          ],
          "create_before_destroy": true
        }
      ]
    },
    {
      "module": "module.eks",
      "mode": "managed",
      "type": "aws_security_group_rule",
      "name": "cluster_primary_ingress_workers",
      "provider": "provider[\"registry.terraform.io/hashicorp/aws\"]",
      "instances": []
    },
    {
      "module": "module.eks",
      "mode": "managed",
      "type": "aws_security_group_rule",
      "name": "cluster_private_access",
      "provider": "provider[\"registry.terraform.io/hashicorp/aws\"]",
      "instances": []
    },
    {
      "module": "module.eks",
      "mode": "managed",
      "type": "aws_security_group_rule",
      "name": "workers_egress_internet",
      "provider": "provider[\"registry.terraform.io/hashicorp/aws\"]",
      "instances": [
        {
          "index_key": 0,
          "schema_version": 2,
          "attributes": {
            "cidr_blocks": [
              "0.0.0.0/0"
            ],
            "description": "Allow nodes all egress to the Internet.",
            "from_port": 0,
            "id": "sgrule-3977244068",
            "ipv6_cidr_blocks": [],
            "prefix_list_ids": [],
            "protocol": "-1",
            "security_group_id": "sg-0f1043dfd57038d9c",
            "self": false,
            "source_security_group_id": null,
            "to_port": 0,
            "type": "egress"
          },
          "private": "eyJzY2hlbWFfdmVyc2lvbiI6IjIifQ==",
          "dependencies": [
            "module.eks.aws_security_group.workers",
            "module.vpc.aws_vpc.this",
            "random_string.suffix"
          ],
          "create_before_destroy": true
        }
      ]
    },
    {
      "module": "module.eks",
      "mode": "managed",
      "type": "aws_security_group_rule",
      "name": "workers_ingress_cluster",
      "provider": "provider[\"registry.terraform.io/hashicorp/aws\"]",
      "instances": [
        {
          "index_key": 0,
          "schema_version": 2,
          "attributes": {
            "cidr_blocks": [],
            "description": "Allow workers pods to receive communication from the cluster control plane.",
            "from_port": 1025,
            "id": "sgrule-3281482132",
            "ipv6_cidr_blocks": [],
            "prefix_list_ids": [],
            "protocol": "tcp",
            "security_group_id": "sg-0f1043dfd57038d9c",
            "self": false,
            "source_security_group_id": "sg-08b8f474f209e9f00",
            "to_port": 65535,
            "type": "ingress"
          },
          "private": "eyJzY2hlbWFfdmVyc2lvbiI6IjIifQ==",
          "dependencies": [
            "module.eks.aws_security_group.cluster",
            "module.eks.aws_security_group.workers",
            "module.vpc.aws_vpc.this",
            "random_string.suffix"
          ],
          "create_before_destroy": true
        }
      ]
    },
    {
      "module": "module.eks",
      "mode": "managed",
      "type": "aws_security_group_rule",
      "name": "workers_ingress_cluster_https",
      "provider": "provider[\"registry.terraform.io/hashicorp/aws\"]",
      "instances": [
        {
          "index_key": 0,
          "schema_version": 2,
          "attributes": {
            "cidr_blocks": [],
            "description": "Allow pods running extension API servers on port 443 to receive communication from cluster control plane.",
            "from_port": 443,
            "id": "sgrule-3847085274",
            "ipv6_cidr_blocks": [],
            "prefix_list_ids": [],
            "protocol": "tcp",
            "security_group_id": "sg-0f1043dfd57038d9c",
            "self": false,
            "source_security_group_id": "sg-08b8f474f209e9f00",
            "to_port": 443,
            "type": "ingress"
          },
          "private": "eyJzY2hlbWFfdmVyc2lvbiI6IjIifQ==",
          "dependencies": [
            "module.eks.aws_security_group.cluster",
            "module.eks.aws_security_group.workers",
            "module.vpc.aws_vpc.this",
            "random_string.suffix"
          ],
          "create_before_destroy": true
        }
      ]
    },
    {
      "module": "module.eks",
      "mode": "managed",
      "type": "aws_security_group_rule",
      "name": "workers_ingress_cluster_kubelet",
      "provider": "provider[\"registry.terraform.io/hashicorp/aws\"]",
      "instances": []
    },
    {
      "module": "module.eks",
      "mode": "managed",
      "type": "aws_security_group_rule",
      "name": "workers_ingress_cluster_primary",
      "provider": "provider[\"registry.terraform.io/hashicorp/aws\"]",
      "instances": []
    },
    {
      "module": "module.eks",
      "mode": "managed",
      "type": "aws_security_group_rule",
      "name": "workers_ingress_self",
      "provider": "provider[\"registry.terraform.io/hashicorp/aws\"]",
      "instances": [
        {
          "index_key": 0,
          "schema_version": 2,
          "attributes": {
            "cidr_blocks": [],
            "description": "Allow node to communicate with each other.",
            "from_port": 0,
            "id": "sgrule-1639449279",
            "ipv6_cidr_blocks": [],
            "prefix_list_ids": [],
            "protocol": "-1",
            "security_group_id": "sg-0f1043dfd57038d9c",
            "self": false,
            "source_security_group_id": "sg-0f1043dfd57038d9c",
            "to_port": 0,
            "type": "ingress"
          },
          "private": "eyJzY2hlbWFfdmVyc2lvbiI6IjIifQ==",
          "dependencies": [
            "module.eks.aws_security_group.workers",
            "module.vpc.aws_vpc.this",
            "random_string.suffix"
          ],
          "create_before_destroy": true
        }
      ]
    },
    {
      "module": "module.eks",
      "mode": "managed",
      "type": "kubernetes_config_map",
      "name": "aws_auth",
      "provider": "provider[\"registry.terraform.io/hashicorp/kubernetes\"]",
      "instances": []
    },
    {
      "module": "module.eks",
      "mode": "managed",
      "type": "local_file",
      "name": "kubeconfig",
      "provider": "provider[\"registry.terraform.io/hashicorp/local\"]",
      "instances": [
        {
          "index_key": 0,
          "schema_version": 0,
          "attributes": {
            "content": "apiVersion: v1\r\npreferences: {}\r\nkind: Config\r\n\r\nclusters:\r\n- cluster:\r\n    server: https://5AB753A55C308DDD2DFFDBA5F4D692A3.gr7.us-east-1.eks.amazonaws.com\r\n    certificate-authority-data: LS0tLS1CRUdJTiBDRVJUSUZJQ0FURS0tLS0tCk1JSUN5RENDQWJDZ0F3SUJBZ0lCQURBTkJna3Foa2lHOXcwQkFRc0ZBREFWTVJNd0VRWURWUVFERXdwcmRXSmwKY201bGRHVnpNQjRYRFRJd01UQXdNVEF4TWpNME9Gb1hEVE13TURreU9UQXhNak0wT0Zvd0ZURVRNQkVHQTFVRQpBeE1LYTNWaVpYSnVaWFJsY3pDQ0FTSXdEUVlKS29aSWh2Y05BUUVCQlFBRGdnRVBBRENDQVFvQ2dnRUJBTk5pCkF5SXRuZzdDRjQyeUZvOHZrOUZXYys5NDUyY3pNRjdOM1pDY1hGOGFBWURsOXFrSkxJWGt6d0F4OEFFK2dmN1kKdHl3aHlrT3hURXVVM0pBUWlpZFhQYWN6ekZSRkk4MjNsS0pET2RHMVBuakw3dVRTNFBlU3M4cmxpbHRVdVFOSApMclFoRHZrWHB5UFJidW1QOUE4UjhHYjhyVW10eG5LcFRsMnMyZVl6Q1NVQnZnRHlYbTZBOFV3cHBHcFZtckMrCk5qNWR5WmtHUnM4S1kwcFJxRjV4RGtpYjJUVkxITlZhYi90S2thWm5teXc4Mk55SENTSTVwbTJScDhyanlsWkoKUXlLMkNJRVVEYWltVUh1VW10RU13OWhya2k2WmZjNlpiSkV3NG5mcjMwam9Xd3dWNEtBayt1eTFQNmFYRWordQpOUE5RTTQ2WUxlMmY2ak84cGtVQ0F3RUFBYU1qTUNFd0RnWURWUjBQQVFIL0JBUURBZ0trTUE4R0ExVWRFd0VCCi93UUZNQU1CQWY4d0RRWUpLb1pJaHZjTkFRRUxCUUFEZ2dFQkFFK3BZODVsN1pUK2xtV1o1NS9XdVRVRWx5UjUKaW5uZng4ZlZYbDZwKzRCSzJNeGdlNUxpY1ZUODZTSDJlM3JDTHBMamF0NWZaalJGYVJyWStaSU1FTnk4VlZsSgpFaGRJc1dlWWtTSXN5NWk2VFlGamcyalphSzFTYWJqQTd6UVJUS3NqNDhObVl3NHgwMVNMbS9QU1RTN0xqWVE0CnBOU0FUZzZZM2hwVTQzcjhSUVIxcnM0RW84Um1CaFloSHVJbTBxenFQa0FxMmRoQjhmeDIwVVNUWndsSXdZWGcKbXcxcE5uaDFvRjJFL0xoaE5PekU0TjA4cFFrdXFWNTkxalpLa3dYb3Q3T2c1YlFPRHZZVEdlc1JZYmpZR2tuQwpCcFIrQXY3aGJ1Q2l0Ynl5OUxteFZyMFJuenZybytwaGk3SU5yYlR5M05HTFJYUDRKWkZWVVREeWhQRT0KLS0tLS1FTkQgQ0VSVElGSUNBVEUtLS0tLQo=\r\n  name: eks_eks-cleric-vWbzySaE\r\n\r\ncontexts:\r\n- context:\r\n    cluster: eks_eks-cleric-vWbzySaE\r\n    user: eks_eks-cleric-vWbzySaE\r\n  name: eks_eks-cleric-vWbzySaE\r\n\r\ncurrent-context: eks_eks-cleric-vWbzySaE\r\n\r\nusers:\r\n- name: eks_eks-cleric-vWbzySaE\r\n  user:\r\n    exec:\r\n      apiVersion: client.authentication.k8s.io/v1alpha1\r\n      command: aws-iam-authenticator\r\n      args:\r\n        - \"token\"\r\n        - \"-i\"\r\n        - \"eks-cleric-vWbzySaE\"\r\n",
            "content_base64": null,
            "directory_permission": "0755",
            "file_permission": "0644",
            "filename": "./kubeconfig_eks-cleric-vWbzySaE",
            "id": "f27204e042b29aa89e7d08fb293535a26ca95276",
            "sensitive_content": null
          },
          "private": "bnVsbA==",
          "dependencies": [
            "module.eks.aws_cloudwatch_log_group.this",
            "module.eks.aws_eks_cluster.this",
            "module.eks.aws_iam_role.cluster",
            "module.eks.aws_iam_role_policy_attachment.cluster_AmazonEKSClusterPolicy",
            "module.eks.aws_iam_role_policy_attachment.cluster_AmazonEKSServicePolicy",
            "module.eks.aws_security_group.cluster",
            "module.eks.aws_security_group_rule.cluster_egress_internet",
            "module.eks.aws_security_group_rule.cluster_https_worker_ingress",
            "module.eks.data.aws_iam_role.custom_cluster_iam_role",
            "module.vpc.aws_subnet.private",
            "random_string.suffix"
          ]
        }
      ]
    },
    {
      "module": "module.eks",
      "mode": "managed",
      "type": "null_resource",
      "name": "wait_for_cluster",
      "provider": "provider[\"registry.terraform.io/hashicorp/null\"]",
      "instances": [
        {
          "index_key": 0,
          "status": "tainted",
          "schema_version": 0,
          "attributes": {
            "id": "6528290120634595292",
            "triggers": null
          },
          "private": "bnVsbA==",
          "dependencies": [
            "module.eks.aws_eks_cluster.this",
            "module.eks.aws_security_group_rule.cluster_private_access"
          ]
        },
        {
          "index_key": 0,
          "status": "tainted",
          "deposed": "4571c167",
          "schema_version": 0,
          "attributes": {
            "id": "1288054502539773194",
            "triggers": null
          },
          "dependencies": [
            "module.eks.aws_cloudwatch_log_group.this",
            "module.eks.aws_eks_cluster.this",
            "module.eks.aws_iam_role.cluster",
            "module.eks.aws_iam_role_policy_attachment.cluster_AmazonEKSClusterPolicy",
            "module.eks.aws_iam_role_policy_attachment.cluster_AmazonEKSServicePolicy",
            "module.eks.aws_security_group.cluster",
            "module.eks.aws_security_group_rule.cluster_egress_internet",
            "module.eks.aws_security_group_rule.cluster_https_worker_ingress",
            "module.eks.aws_security_group_rule.cluster_private_access",
            "module.eks.data.aws_iam_role.custom_cluster_iam_role",
            "module.vpc.aws_subnet.private",
            "random_string.suffix"
          ]
        }
      ]
    },
    {
      "module": "module.eks",
      "mode": "managed",
      "type": "random_pet",
      "name": "workers",
      "provider": "provider[\"registry.terraform.io/hashicorp/random\"]",
      "instances": [
        {
          "index_key": 0,
          "schema_version": 0,
          "attributes": {
            "id": "genuine-pigeon",
            "keepers": {
              "lc_name": "eks-cleric-vWbzySaE-worker-group-120201004224522233900000001"
            },
            "length": 2,
            "prefix": null,
            "separator": "-"
          },
          "private": "bnVsbA==",
          "dependencies": [
            "aws_security_group.worker_group_mgmt_one",
            "aws_security_group.worker_group_mgmt_two",
            "module.eks.aws_eks_cluster.this",
            "module.eks.aws_iam_instance_profile.workers",
            "module.eks.aws_iam_role_policy_attachment.workers_AmazonEC2ContainerRegistryReadOnly",
            "module.eks.aws_iam_role_policy_attachment.workers_AmazonEKSWorkerNodePolicy",
            "module.eks.aws_iam_role_policy_attachment.workers_AmazonEKS_CNI_Policy",
            "module.eks.aws_iam_role_policy_attachment.workers_additional_policies",
            "module.eks.aws_launch_configuration.workers",
            "module.eks.aws_security_group.workers",
            "module.eks.aws_security_group_rule.cluster_primary_ingress_workers",
            "module.eks.aws_security_group_rule.workers_egress_internet",
            "module.eks.aws_security_group_rule.workers_ingress_cluster",
            "module.eks.aws_security_group_rule.workers_ingress_cluster_https",
            "module.eks.aws_security_group_rule.workers_ingress_cluster_kubelet",
            "module.eks.aws_security_group_rule.workers_ingress_cluster_primary",
            "module.eks.aws_security_group_rule.workers_ingress_self",
            "module.eks.data.aws_ami.eks_worker",
            "module.eks.data.aws_ami.eks_worker_windows",
            "module.eks.data.aws_iam_instance_profile.custom_worker_group_iam_instance_profile",
            "module.eks.data.template_file.userdata",
            "module.vpc.aws_subnet.private"
          ],
          "create_before_destroy": true
        },
        {
          "index_key": 1,
          "schema_version": 0,
          "attributes": {
            "id": "wired-terrier",
            "keepers": {
              "lc_name": "eks-cleric-vWbzySaE-worker-group-220201004224522358800000002"
            },
            "length": 2,
            "prefix": null,
            "separator": "-"
          },
          "private": "bnVsbA==",
          "dependencies": [
            "aws_security_group.worker_group_mgmt_one",
            "aws_security_group.worker_group_mgmt_two",
            "module.eks.aws_eks_cluster.this",
            "module.eks.aws_iam_instance_profile.workers",
            "module.eks.aws_iam_role_policy_attachment.workers_AmazonEC2ContainerRegistryReadOnly",
            "module.eks.aws_iam_role_policy_attachment.workers_AmazonEKSWorkerNodePolicy",
            "module.eks.aws_iam_role_policy_attachment.workers_AmazonEKS_CNI_Policy",
            "module.eks.aws_iam_role_policy_attachment.workers_additional_policies",
            "module.eks.aws_launch_configuration.workers",
            "module.eks.aws_security_group.workers",
            "module.eks.aws_security_group_rule.cluster_primary_ingress_workers",
            "module.eks.aws_security_group_rule.workers_egress_internet",
            "module.eks.aws_security_group_rule.workers_ingress_cluster",
            "module.eks.aws_security_group_rule.workers_ingress_cluster_https",
            "module.eks.aws_security_group_rule.workers_ingress_cluster_kubelet",
            "module.eks.aws_security_group_rule.workers_ingress_cluster_primary",
            "module.eks.aws_security_group_rule.workers_ingress_self",
            "module.eks.data.aws_ami.eks_worker",
            "module.eks.data.aws_ami.eks_worker_windows",
            "module.eks.data.aws_iam_instance_profile.custom_worker_group_iam_instance_profile",
            "module.eks.data.template_file.userdata",
            "module.vpc.aws_subnet.private"
          ],
          "create_before_destroy": true
        }
      ]
    },
    {
      "module": "module.vpc",
      "mode": "managed",
      "type": "aws_eip",
      "name": "nat",
      "provider": "provider[\"registry.terraform.io/hashicorp/aws\"]",
      "instances": [
        {
          "index_key": 0,
          "schema_version": 0,
          "attributes": {
            "allocation_id": null,
            "associate_with_private_ip": null,
            "association_id": "eipassoc-0cfb86cc3373293fb",
            "customer_owned_ip": "",
            "customer_owned_ipv4_pool": "",
            "domain": "vpc",
            "id": "eipalloc-08ca9b5c6ed4b0ac8",
            "instance": "",
            "network_interface": "eni-0a039871a6260155a",
            "private_dns": "ip-10-0-4-231.ec2.internal",
            "private_ip": "10.0.4.231",
            "public_dns": "ec2-34-225-228-66.compute-1.amazonaws.com",
            "public_ip": "34.225.228.66",
            "public_ipv4_pool": "amazon",
            "tags": {
              "Name": "vpc-us-east-1a",
              "kubernetes.io/cluster/eks-cleric-vWbzySaE": "shared"
            },
            "timeouts": null,
            "vpc": true
          },
          "private": "eyJlMmJmYjczMC1lY2FhLTExZTYtOGY4OC0zNDM2M2JjN2M0YzAiOnsiZGVsZXRlIjoxODAwMDAwMDAwMDAsInJlYWQiOjkwMDAwMDAwMDAwMCwidXBkYXRlIjozMDAwMDAwMDAwMDB9fQ==",
          "dependencies": [
            "data.aws_availability_zones.available",
            "random_string.suffix"
          ]
        }
      ]
    },
    {
      "module": "module.vpc",
      "mode": "managed",
      "type": "aws_internet_gateway",
      "name": "this",
      "provider": "provider[\"registry.terraform.io/hashicorp/aws\"]",
      "instances": [
        {
          "index_key": 0,
          "schema_version": 0,
          "attributes": {
            "arn": "arn:aws:ec2:us-east-1:802091938968:internet-gateway/igw-0992be78b33e65258",
            "id": "igw-0992be78b33e65258",
            "owner_id": "802091938968",
            "tags": {
              "Name": "vpc",
              "kubernetes.io/cluster/eks-cleric-vWbzySaE": "shared"
            },
            "vpc_id": "vpc-0d16a944fc21b6f9f"
          },
          "private": "bnVsbA==",
          "dependencies": [
            "module.vpc.aws_vpc.this",
            "module.vpc.aws_vpc_ipv4_cidr_block_association.this",
            "random_string.suffix"
          ]
        }
      ]
    },
    {
      "module": "module.vpc",
      "mode": "managed",
      "type": "aws_nat_gateway",
      "name": "this",
      "provider": "provider[\"registry.terraform.io/hashicorp/aws\"]",
      "instances": [
        {
          "index_key": 0,
          "schema_version": 0,
          "attributes": {
            "allocation_id": "eipalloc-08ca9b5c6ed4b0ac8",
            "id": "nat-0a4d432ff6ad69593",
            "network_interface_id": "eni-0a039871a6260155a",
            "private_ip": "10.0.4.231",
            "public_ip": "34.225.228.66",
            "subnet_id": "subnet-04c79c53d6f63cd08",
            "tags": {
              "Name": "vpc-us-east-1a",
              "kubernetes.io/cluster/eks-cleric-vWbzySaE": "shared"
            }
          },
          "private": "bnVsbA==",
          "dependencies": [
            "data.aws_availability_zones.available",
            "module.vpc.aws_eip.nat",
            "module.vpc.aws_internet_gateway.this",
            "module.vpc.aws_subnet.public",
            "module.vpc.aws_vpc.this",
            "module.vpc.aws_vpc_ipv4_cidr_block_association.this",
            "random_string.suffix"
          ]
        }
      ]
    },
    {
      "module": "module.vpc",
      "mode": "managed",
      "type": "aws_route",
      "name": "private_nat_gateway",
      "provider": "provider[\"registry.terraform.io/hashicorp/aws\"]",
      "instances": [
        {
          "index_key": 0,
          "schema_version": 0,
          "attributes": {
            "destination_cidr_block": "0.0.0.0/0",
            "destination_ipv6_cidr_block": "",
            "destination_prefix_list_id": "",
            "egress_only_gateway_id": "",
            "gateway_id": "",
            "id": "r-rtb-0eabb8a3f2b6f2f781080289494",
            "instance_id": "",
            "instance_owner_id": "",
            "local_gateway_id": "",
            "nat_gateway_id": "nat-0a4d432ff6ad69593",
            "network_interface_id": "",
            "origin": "CreateRoute",
            "route_table_id": "rtb-0eabb8a3f2b6f2f78",
            "state": "active",
            "timeouts": {
              "create": "5m",
              "delete": null
            },
            "transit_gateway_id": "",
            "vpc_peering_connection_id": ""
          },
          "private": "eyJlMmJmYjczMC1lY2FhLTExZTYtOGY4OC0zNDM2M2JjN2M0YzAiOnsiY3JlYXRlIjozMDAwMDAwMDAwMDAsImRlbGV0ZSI6MzAwMDAwMDAwMDAwfX0=",
          "dependencies": [
            "data.aws_availability_zones.available",
            "module.vpc.aws_eip.nat",
            "module.vpc.aws_internet_gateway.this",
            "module.vpc.aws_nat_gateway.this",
            "module.vpc.aws_route_table.private",
            "module.vpc.aws_subnet.public",
            "module.vpc.aws_vpc.this",
            "module.vpc.aws_vpc_ipv4_cidr_block_association.this",
            "random_string.suffix"
          ]
        }
      ]
    },
    {
      "module": "module.vpc",
      "mode": "managed",
      "type": "aws_route",
      "name": "public_internet_gateway",
      "provider": "provider[\"registry.terraform.io/hashicorp/aws\"]",
      "instances": [
        {
          "index_key": 0,
          "schema_version": 0,
          "attributes": {
            "destination_cidr_block": "0.0.0.0/0",
            "destination_ipv6_cidr_block": "",
            "destination_prefix_list_id": "",
            "egress_only_gateway_id": "",
            "gateway_id": "igw-0992be78b33e65258",
            "id": "r-rtb-0c7999ad8e24a67831080289494",
            "instance_id": "",
            "instance_owner_id": "",
            "local_gateway_id": "",
            "nat_gateway_id": "",
            "network_interface_id": "",
            "origin": "CreateRoute",
            "route_table_id": "rtb-0c7999ad8e24a6783",
            "state": "active",
            "timeouts": {
              "create": "5m",
              "delete": null
            },
            "transit_gateway_id": "",
            "vpc_peering_connection_id": ""
          },
          "private": "eyJlMmJmYjczMC1lY2FhLTExZTYtOGY4OC0zNDM2M2JjN2M0YzAiOnsiY3JlYXRlIjozMDAwMDAwMDAwMDAsImRlbGV0ZSI6MzAwMDAwMDAwMDAwfX0=",
          "dependencies": [
            "module.vpc.aws_internet_gateway.this",
            "module.vpc.aws_route_table.public",
            "module.vpc.aws_vpc.this",
            "module.vpc.aws_vpc_ipv4_cidr_block_association.this",
            "random_string.suffix"
          ]
        }
      ]
    },
    {
      "module": "module.vpc",
      "mode": "managed",
      "type": "aws_route_table",
      "name": "private",
      "provider": "provider[\"registry.terraform.io/hashicorp/aws\"]",
      "instances": [
        {
          "index_key": 0,
          "schema_version": 0,
          "attributes": {
            "id": "rtb-0eabb8a3f2b6f2f78",
            "owner_id": "802091938968",
            "propagating_vgws": [],
            "route": [
              {
                "cidr_block": "0.0.0.0/0",
                "egress_only_gateway_id": "",
                "gateway_id": "",
                "instance_id": "",
                "ipv6_cidr_block": "",
                "local_gateway_id": "",
                "nat_gateway_id": "nat-0a4d432ff6ad69593",
                "network_interface_id": "",
                "transit_gateway_id": "",
                "vpc_peering_connection_id": ""
              }
            ],
            "tags": {
              "Name": "vpc-private",
              "kubernetes.io/cluster/eks-cleric-vWbzySaE": "shared"
            },
            "vpc_id": "vpc-0d16a944fc21b6f9f"
          },
          "private": "bnVsbA==",
          "dependencies": [
            "data.aws_availability_zones.available",
            "module.vpc.aws_vpc.this",
            "module.vpc.aws_vpc_ipv4_cidr_block_association.this",
            "random_string.suffix"
          ]
        }
      ]
    },
    {
      "module": "module.vpc",
      "mode": "managed",
      "type": "aws_route_table",
      "name": "public",
      "provider": "provider[\"registry.terraform.io/hashicorp/aws\"]",
      "instances": [
        {
          "index_key": 0,
          "schema_version": 0,
          "attributes": {
            "id": "rtb-0c7999ad8e24a6783",
            "owner_id": "802091938968",
            "propagating_vgws": [],
            "route": [
              {
                "cidr_block": "0.0.0.0/0",
                "egress_only_gateway_id": "",
                "gateway_id": "igw-0992be78b33e65258",
                "instance_id": "",
                "ipv6_cidr_block": "",
                "local_gateway_id": "",
                "nat_gateway_id": "",
                "network_interface_id": "",
                "transit_gateway_id": "",
                "vpc_peering_connection_id": ""
              }
            ],
            "tags": {
              "Name": "vpc-public",
              "kubernetes.io/cluster/eks-cleric-vWbzySaE": "shared"
            },
            "vpc_id": "vpc-0d16a944fc21b6f9f"
          },
          "private": "bnVsbA==",
          "dependencies": [
            "module.vpc.aws_vpc.this",
            "module.vpc.aws_vpc_ipv4_cidr_block_association.this",
            "random_string.suffix"
          ]
        }
      ]
    },
    {
      "module": "module.vpc",
      "mode": "managed",
      "type": "aws_route_table_association",
      "name": "private",
      "provider": "provider[\"registry.terraform.io/hashicorp/aws\"]",
      "instances": [
        {
          "index_key": 0,
          "schema_version": 0,
          "attributes": {
            "gateway_id": null,
            "id": "rtbassoc-03954eb44f54edb5e",
            "route_table_id": "rtb-0eabb8a3f2b6f2f78",
            "subnet_id": "subnet-08557b39c8715a50e"
          },
          "private": "bnVsbA==",
          "dependencies": [
            "data.aws_availability_zones.available",
            "module.vpc.aws_route_table.private",
            "module.vpc.aws_subnet.private",
            "module.vpc.aws_vpc.this",
            "module.vpc.aws_vpc_ipv4_cidr_block_association.this",
            "random_string.suffix"
          ]
        },
        {
          "index_key": 1,
          "schema_version": 0,
          "attributes": {
            "gateway_id": null,
            "id": "rtbassoc-013bbfab2832aaf2c",
            "route_table_id": "rtb-0eabb8a3f2b6f2f78",
            "subnet_id": "subnet-0f80eaa8db40a8909"
          },
          "private": "bnVsbA==",
          "dependencies": [
            "data.aws_availability_zones.available",
            "module.vpc.aws_route_table.private",
            "module.vpc.aws_subnet.private",
            "module.vpc.aws_vpc.this",
            "module.vpc.aws_vpc_ipv4_cidr_block_association.this",
            "random_string.suffix"
          ]
        },
        {
          "index_key": 2,
          "schema_version": 0,
          "attributes": {
            "gateway_id": null,
            "id": "rtbassoc-04f78e7a8d64dde1c",
            "route_table_id": "rtb-0eabb8a3f2b6f2f78",
            "subnet_id": "subnet-0b34841bcd0f4e9fe"
          },
          "private": "bnVsbA==",
          "dependencies": [
            "data.aws_availability_zones.available",
            "module.vpc.aws_route_table.private",
            "module.vpc.aws_subnet.private",
            "module.vpc.aws_vpc.this",
            "module.vpc.aws_vpc_ipv4_cidr_block_association.this",
            "random_string.suffix"
          ]
        }
      ]
    },
    {
      "module": "module.vpc",
      "mode": "managed",
      "type": "aws_route_table_association",
      "name": "public",
      "provider": "provider[\"registry.terraform.io/hashicorp/aws\"]",
      "instances": [
        {
          "index_key": 0,
          "schema_version": 0,
          "attributes": {
            "gateway_id": null,
            "id": "rtbassoc-029f4ef3234b9f65d",
            "route_table_id": "rtb-0c7999ad8e24a6783",
            "subnet_id": "subnet-04c79c53d6f63cd08"
          },
          "private": "bnVsbA==",
          "dependencies": [
            "data.aws_availability_zones.available",
            "module.vpc.aws_route_table.public",
            "module.vpc.aws_subnet.public",
            "module.vpc.aws_vpc.this",
            "module.vpc.aws_vpc_ipv4_cidr_block_association.this",
            "random_string.suffix"
          ]
        },
        {
          "index_key": 1,
          "schema_version": 0,
          "attributes": {
            "gateway_id": null,
            "id": "rtbassoc-0714a1b285bf8cd66",
            "route_table_id": "rtb-0c7999ad8e24a6783",
            "subnet_id": "subnet-046f3c6d4aa3363cb"
          },
          "private": "bnVsbA==",
          "dependencies": [
            "data.aws_availability_zones.available",
            "module.vpc.aws_route_table.public",
            "module.vpc.aws_subnet.public",
            "module.vpc.aws_vpc.this",
            "module.vpc.aws_vpc_ipv4_cidr_block_association.this",
            "random_string.suffix"
          ]
        },
        {
          "index_key": 2,
          "schema_version": 0,
          "attributes": {
            "gateway_id": null,
            "id": "rtbassoc-0fed5a2d06cc6442b",
            "route_table_id": "rtb-0c7999ad8e24a6783",
            "subnet_id": "subnet-0dcd91bdd5eff7c82"
          },
          "private": "bnVsbA==",
          "dependencies": [
            "data.aws_availability_zones.available",
            "module.vpc.aws_route_table.public",
            "module.vpc.aws_subnet.public",
            "module.vpc.aws_vpc.this",
            "module.vpc.aws_vpc_ipv4_cidr_block_association.this",
            "random_string.suffix"
          ]
        }
      ]
    },
    {
      "module": "module.vpc",
      "mode": "managed",
      "type": "aws_subnet",
      "name": "private",
      "provider": "provider[\"registry.terraform.io/hashicorp/aws\"]",
      "instances": [
        {
          "index_key": 0,
          "schema_version": 1,
          "attributes": {
            "arn": "arn:aws:ec2:us-east-1:802091938968:subnet/subnet-08557b39c8715a50e",
            "assign_ipv6_address_on_creation": false,
            "availability_zone": "us-east-1a",
            "availability_zone_id": "use1-az1",
            "cidr_block": "10.0.1.0/24",
            "id": "subnet-08557b39c8715a50e",
            "ipv6_cidr_block": "",
            "ipv6_cidr_block_association_id": "",
            "map_public_ip_on_launch": false,
            "outpost_arn": "",
            "owner_id": "802091938968",
            "tags": {
              "Name": "vpc-private-us-east-1a",
              "kubernetes.io/cluster/eks-cleric-vWbzySaE": "shared",
              "kubernetes.io/role/internal-elb": "1"
            },
            "timeouts": null,
            "vpc_id": "vpc-0d16a944fc21b6f9f"
          },
          "private": "eyJlMmJmYjczMC1lY2FhLTExZTYtOGY4OC0zNDM2M2JjN2M0YzAiOnsiY3JlYXRlIjo2MDAwMDAwMDAwMDAsImRlbGV0ZSI6MTIwMDAwMDAwMDAwMH0sInNjaGVtYV92ZXJzaW9uIjoiMSJ9",
          "dependencies": [
            "data.aws_availability_zones.available",
            "module.vpc.aws_vpc.this",
            "module.vpc.aws_vpc_ipv4_cidr_block_association.this",
            "random_string.suffix"
          ],
          "create_before_destroy": true
        },
        {
          "index_key": 1,
          "schema_version": 1,
          "attributes": {
            "arn": "arn:aws:ec2:us-east-1:802091938968:subnet/subnet-0f80eaa8db40a8909",
            "assign_ipv6_address_on_creation": false,
            "availability_zone": "us-east-1b",
            "availability_zone_id": "use1-az2",
            "cidr_block": "10.0.2.0/24",
            "id": "subnet-0f80eaa8db40a8909",
            "ipv6_cidr_block": "",
            "ipv6_cidr_block_association_id": "",
            "map_public_ip_on_launch": false,
            "outpost_arn": "",
            "owner_id": "802091938968",
            "tags": {
              "Name": "vpc-private-us-east-1b",
              "kubernetes.io/cluster/eks-cleric-vWbzySaE": "shared",
              "kubernetes.io/role/internal-elb": "1"
            },
            "timeouts": null,
            "vpc_id": "vpc-0d16a944fc21b6f9f"
          },
          "private": "eyJlMmJmYjczMC1lY2FhLTExZTYtOGY4OC0zNDM2M2JjN2M0YzAiOnsiY3JlYXRlIjo2MDAwMDAwMDAwMDAsImRlbGV0ZSI6MTIwMDAwMDAwMDAwMH0sInNjaGVtYV92ZXJzaW9uIjoiMSJ9",
          "dependencies": [
            "data.aws_availability_zones.available",
            "module.vpc.aws_vpc.this",
            "module.vpc.aws_vpc_ipv4_cidr_block_association.this",
            "random_string.suffix"
          ],
          "create_before_destroy": true
        },
        {
          "index_key": 2,
          "schema_version": 1,
          "attributes": {
            "arn": "arn:aws:ec2:us-east-1:802091938968:subnet/subnet-0b34841bcd0f4e9fe",
            "assign_ipv6_address_on_creation": false,
            "availability_zone": "us-east-1c",
            "availability_zone_id": "use1-az4",
            "cidr_block": "10.0.3.0/24",
            "id": "subnet-0b34841bcd0f4e9fe",
            "ipv6_cidr_block": "",
            "ipv6_cidr_block_association_id": "",
            "map_public_ip_on_launch": false,
            "outpost_arn": "",
            "owner_id": "802091938968",
            "tags": {
              "Name": "vpc-private-us-east-1c",
              "kubernetes.io/cluster/eks-cleric-vWbzySaE": "shared",
              "kubernetes.io/role/internal-elb": "1"
            },
            "timeouts": null,
            "vpc_id": "vpc-0d16a944fc21b6f9f"
          },
          "private": "eyJlMmJmYjczMC1lY2FhLTExZTYtOGY4OC0zNDM2M2JjN2M0YzAiOnsiY3JlYXRlIjo2MDAwMDAwMDAwMDAsImRlbGV0ZSI6MTIwMDAwMDAwMDAwMH0sInNjaGVtYV92ZXJzaW9uIjoiMSJ9",
          "dependencies": [
            "data.aws_availability_zones.available",
            "module.vpc.aws_vpc.this",
            "module.vpc.aws_vpc_ipv4_cidr_block_association.this",
            "random_string.suffix"
          ],
          "create_before_destroy": true
        }
      ]
    },
    {
      "module": "module.vpc",
      "mode": "managed",
      "type": "aws_subnet",
      "name": "public",
      "provider": "provider[\"registry.terraform.io/hashicorp/aws\"]",
      "instances": [
        {
          "index_key": 0,
          "schema_version": 1,
          "attributes": {
            "arn": "arn:aws:ec2:us-east-1:802091938968:subnet/subnet-04c79c53d6f63cd08",
            "assign_ipv6_address_on_creation": false,
            "availability_zone": "us-east-1a",
            "availability_zone_id": "use1-az1",
            "cidr_block": "10.0.4.0/24",
            "id": "subnet-04c79c53d6f63cd08",
            "ipv6_cidr_block": "",
            "ipv6_cidr_block_association_id": "",
            "map_public_ip_on_launch": true,
            "outpost_arn": "",
            "owner_id": "802091938968",
            "tags": {
              "Name": "vpc-public-us-east-1a",
              "kubernetes.io/cluster/eks-cleric-vWbzySaE": "shared",
              "kubernetes.io/role/elb": "1"
            },
            "timeouts": null,
            "vpc_id": "vpc-0d16a944fc21b6f9f"
          },
          "private": "eyJlMmJmYjczMC1lY2FhLTExZTYtOGY4OC0zNDM2M2JjN2M0YzAiOnsiY3JlYXRlIjo2MDAwMDAwMDAwMDAsImRlbGV0ZSI6MTIwMDAwMDAwMDAwMH0sInNjaGVtYV92ZXJzaW9uIjoiMSJ9",
          "dependencies": [
            "data.aws_availability_zones.available",
            "module.vpc.aws_vpc.this",
            "module.vpc.aws_vpc_ipv4_cidr_block_association.this",
            "random_string.suffix"
          ]
        },
        {
          "index_key": 1,
          "schema_version": 1,
          "attributes": {
            "arn": "arn:aws:ec2:us-east-1:802091938968:subnet/subnet-046f3c6d4aa3363cb",
            "assign_ipv6_address_on_creation": false,
            "availability_zone": "us-east-1b",
            "availability_zone_id": "use1-az2",
            "cidr_block": "10.0.5.0/24",
            "id": "subnet-046f3c6d4aa3363cb",
            "ipv6_cidr_block": "",
            "ipv6_cidr_block_association_id": "",
            "map_public_ip_on_launch": true,
            "outpost_arn": "",
            "owner_id": "802091938968",
            "tags": {
              "Name": "vpc-public-us-east-1b",
              "kubernetes.io/cluster/eks-cleric-vWbzySaE": "shared",
              "kubernetes.io/role/elb": "1"
            },
            "timeouts": null,
            "vpc_id": "vpc-0d16a944fc21b6f9f"
          },
          "private": "eyJlMmJmYjczMC1lY2FhLTExZTYtOGY4OC0zNDM2M2JjN2M0YzAiOnsiY3JlYXRlIjo2MDAwMDAwMDAwMDAsImRlbGV0ZSI6MTIwMDAwMDAwMDAwMH0sInNjaGVtYV92ZXJzaW9uIjoiMSJ9",
          "dependencies": [
            "data.aws_availability_zones.available",
            "module.vpc.aws_vpc.this",
            "module.vpc.aws_vpc_ipv4_cidr_block_association.this",
            "random_string.suffix"
          ]
        },
        {
          "index_key": 2,
          "schema_version": 1,
          "attributes": {
            "arn": "arn:aws:ec2:us-east-1:802091938968:subnet/subnet-0dcd91bdd5eff7c82",
            "assign_ipv6_address_on_creation": false,
            "availability_zone": "us-east-1c",
            "availability_zone_id": "use1-az4",
            "cidr_block": "10.0.6.0/24",
            "id": "subnet-0dcd91bdd5eff7c82",
            "ipv6_cidr_block": "",
            "ipv6_cidr_block_association_id": "",
            "map_public_ip_on_launch": true,
            "outpost_arn": "",
            "owner_id": "802091938968",
            "tags": {
              "Name": "vpc-public-us-east-1c",
              "kubernetes.io/cluster/eks-cleric-vWbzySaE": "shared",
              "kubernetes.io/role/elb": "1"
            },
            "timeouts": null,
            "vpc_id": "vpc-0d16a944fc21b6f9f"
          },
          "private": "eyJlMmJmYjczMC1lY2FhLTExZTYtOGY4OC0zNDM2M2JjN2M0YzAiOnsiY3JlYXRlIjo2MDAwMDAwMDAwMDAsImRlbGV0ZSI6MTIwMDAwMDAwMDAwMH0sInNjaGVtYV92ZXJzaW9uIjoiMSJ9",
          "dependencies": [
            "data.aws_availability_zones.available",
            "module.vpc.aws_vpc.this",
            "module.vpc.aws_vpc_ipv4_cidr_block_association.this",
            "random_string.suffix"
          ]
        }
      ]
    },
    {
      "module": "module.vpc",
      "mode": "managed",
      "type": "aws_vpc",
      "name": "this",
      "provider": "provider[\"registry.terraform.io/hashicorp/aws\"]",
      "instances": [
        {
          "index_key": 0,
          "schema_version": 1,
          "attributes": {
            "arn": "arn:aws:ec2:us-east-1:802091938968:vpc/vpc-0d16a944fc21b6f9f",
            "assign_generated_ipv6_cidr_block": false,
            "cidr_block": "10.0.0.0/16",
            "default_network_acl_id": "acl-0edd3ca497393e1d8",
            "default_route_table_id": "rtb-02914cccddb440424",
            "default_security_group_id": "sg-0dfa4346a83ca7380",
            "dhcp_options_id": "dopt-d780fcac",
            "enable_classiclink": false,
            "enable_classiclink_dns_support": false,
            "enable_dns_hostnames": true,
            "enable_dns_support": true,
            "id": "vpc-0d16a944fc21b6f9f",
            "instance_tenancy": "default",
            "ipv6_association_id": "",
            "ipv6_cidr_block": "",
            "main_route_table_id": "rtb-02914cccddb440424",
            "owner_id": "802091938968",
            "tags": {
              "Name": "vpc",
              "kubernetes.io/cluster/eks-cleric-vWbzySaE": "shared"
            }
          },
          "private": "eyJzY2hlbWFfdmVyc2lvbiI6IjEifQ==",
          "dependencies": [
            "random_string.suffix"
          ],
          "create_before_destroy": true
        }
      ]
    }
  ]
}
